
Microsoft Visual Studio Solution File, Format Version 12.00
# Visual Studio Version 16
VisualStudioVersion = 16.0.30309.148
MinimumVisualStudioVersion = 10.0.40219.1
Project("{2150E333-8FDC-42A3-9474-1A3956D46DE8}") = "src", "src", "{40B47CC9-EAE8-4E7A-A53D-C1F750E29FB7}"
	ProjectSection(SolutionItems) = preProject
		src\Directory.Build.props = src\Directory.Build.props
	EndProjectSection
EndProject
Project("{9A19103F-16F7-4668-BE54-9A1E7A4F7556}") = "Akka", "src\Akka\Akka.csproj", "{A85BEFFB-20AA-4AC6-97FA-CB0C4067B2DA}"
EndProject
Project("{9A19103F-16F7-4668-BE54-9A1E7A4F7556}") = "Akka.Remote", "src\Akka.Remote\Akka.Remote.csproj", "{4C80D280-208E-437C-9EF6-3CEACF2597E4}"
EndProject
Project("{2150E333-8FDC-42A3-9474-1A3956D46DE8}") = "Solution Items", "Solution Items", "{A21675C8-61E0-413F-99FF-CF26BABF2E85}"
	ProjectSection(SolutionItems) = preProject
		clean.cmd = clean.cmd
		Dependencies.Akka.props = Dependencies.Akka.props
		Directory.Build.props = Directory.Build.props
		Directory.Build.targets = Directory.Build.targets
		Directory.Signed.props = Directory.Signed.props
		LICENSE = LICENSE
		NuGet.Config = NuGet.Config
		nuget.props = nuget.props
		version.props = version.props
	EndProjectSection
EndProject
Project("{2150E333-8FDC-42A3-9474-1A3956D46DE8}") = "Shared", "Shared", "{F56F2926-46FD-4F02-A4A1-FB45C52C7571}"
EndProject
Project("{D954291E-2A0B-460D-934E-DC6B0785DB48}") = "CuteAnt.Extensions.Logging.Sources", "..\CuteAnt.Extensions.Common\src\CuteAnt.Extensions.Logging.Sources\CuteAnt.Extensions.Logging.Sources.shproj", "{8DBB7DC8-2B90-4A8C-A60D-D41466174BDE}"
EndProject
Project("{2150E333-8FDC-42A3-9474-1A3956D46DE8}") = "benchmark", "benchmark", "{B605990A-4A3C-4A77-BB47-2C5DD9DE6E7C}"
EndProject
Project("{9A19103F-16F7-4668-BE54-9A1E7A4F7556}") = "RemotePingPong", "benchmark\RemotePingPong\RemotePingPong.csproj", "{90FD998B-EBB3-4A9F-86E3-193A3713AF85}"
EndProject
Project("{9A19103F-16F7-4668-BE54-9A1E7A4F7556}") = "PingPong", "benchmark\PingPong\PingPong.csproj", "{43B98A28-64EE-4445-9588-7CA102DFEDCF}"
EndProject
Project("{9A19103F-16F7-4668-BE54-9A1E7A4F7556}") = "Akka.Core", "src\Akka.Core\Akka.Core.csproj", "{7F2546D2-0FCD-497F-B6FE-36D9194986C6}"
EndProject
Project("{9A19103F-16F7-4668-BE54-9A1E7A4F7556}") = "Akka.TestKit", "src\Akka.TestKit\Akka.TestKit.csproj", "{ABF39DA4-4A6E-41E3-861C-D299A6269E7F}"
EndProject
Project("{9A19103F-16F7-4668-BE54-9A1E7A4F7556}") = "Akka.Tests.Performance", "test\Akka.Tests.Performance\Akka.Tests.Performance.csproj", "{AF663910-01A2-4E9B-A553-927879FA70B1}"
EndProject
Project("{9A19103F-16F7-4668-BE54-9A1E7A4F7556}") = "Akka.Remote.Tests.Performance", "test\Akka.Remote.Tests.Performance\Akka.Remote.Tests.Performance.csproj", "{C6A89E99-2614-4370-A3E8-B00901EDD1D9}"
EndProject
Project("{9A19103F-16F7-4668-BE54-9A1E7A4F7556}") = "Akka.Cluster", "src\Akka.Cluster\Akka.Cluster.csproj", "{36CAE936-1A1A-4AA8-97B1-0F1731A8593D}"
EndProject
Project("{9A19103F-16F7-4668-BE54-9A1E7A4F7556}") = "Akka.Cluster.Tests.Performance", "test\Akka.Cluster.Tests.Performance\Akka.Cluster.Tests.Performance.csproj", "{0465B1DF-450D-49C8-97D4-B37F7399C685}"
EndProject
Project("{9A19103F-16F7-4668-BE54-9A1E7A4F7556}") = "Akka.Streams", "src\Akka.Streams\Akka.Streams.csproj", "{0C96285B-B334-4985-9FBF-8C0DCCB30967}"
EndProject
Project("{9A19103F-16F7-4668-BE54-9A1E7A4F7556}") = "Akka.Streams.TestKit", "src\Akka.Streams.TestKit\Akka.Streams.TestKit.csproj", "{15A6B5AB-1D1E-4590-96FD-821067904719}"
EndProject
Project("{9A19103F-16F7-4668-BE54-9A1E7A4F7556}") = "Akka.Streams.Tests.Performance", "test\Akka.Streams.Tests.Performance\Akka.Streams.Tests.Performance.csproj", "{18E966A8-078B-48D6-BCD3-58AA4ED395F4}"
EndProject
Project("{2150E333-8FDC-42A3-9474-1A3956D46DE8}") = "test", "test", "{A12BC039-B8DF-45CC-9E2A-36769B00DB8D}"
EndProject
Project("{9A19103F-16F7-4668-BE54-9A1E7A4F7556}") = "Akka.Tests.Shared.Internals", "src\Akka.Tests.Shared.Internals\Akka.Tests.Shared.Internals.csproj", "{A1205A6D-7FE9-41A8-B5B0-D140D774511E}"
EndProject
Project("{9A19103F-16F7-4668-BE54-9A1E7A4F7556}") = "Akka.Streams.TestKit.Tests", "test\Akka.Streams.TestKit.Tests\Akka.Streams.TestKit.Tests.csproj", "{A730B063-C342-45DA-988F-C73AAB5AD06A}"
EndProject
Project("{9A19103F-16F7-4668-BE54-9A1E7A4F7556}") = "Akka.Streams.Tests", "test\Akka.Streams.Tests\Akka.Streams.Tests.csproj", "{B59A2D5C-3E18-4E05-9379-CB034B82D561}"
EndProject
Global
	GlobalSection(SharedMSBuildProjectFiles) = preSolution
		..\CuteAnt.Extensions.Common\src\CuteAnt.Extensions.Async.Sources\CuteAnt.Extensions.Async.Sources.projitems*{36cae936-1a1a-4aa8-97b1-0f1731a8593d}*SharedItemsImports = 5
		..\CuteAnt.Extensions.Common\src\CuteAnt.Extensions.Logging.Sources\CuteAnt.Extensions.Logging.Sources.projitems*{8dbb7dc8-2b90-4a8c-a60d-d41466174bde}*SharedItemsImports = 13
	EndGlobalSection
	GlobalSection(SolutionConfigurationPlatforms) = preSolution
		Debug|Any CPU = Debug|Any CPU
		Release|Any CPU = Release|Any CPU
	EndGlobalSection
	GlobalSection(ProjectConfigurationPlatforms) = postSolution
		{A85BEFFB-20AA-4AC6-97FA-CB0C4067B2DA}.Debug|Any CPU.ActiveCfg = Debug|Any CPU
		{A85BEFFB-20AA-4AC6-97FA-CB0C4067B2DA}.Debug|Any CPU.Build.0 = Debug|Any CPU
		{A85BEFFB-20AA-4AC6-97FA-CB0C4067B2DA}.Release|Any CPU.ActiveCfg = Release|Any CPU
		{A85BEFFB-20AA-4AC6-97FA-CB0C4067B2DA}.Release|Any CPU.Build.0 = Release|Any CPU
		{4C80D280-208E-437C-9EF6-3CEACF2597E4}.Debug|Any CPU.ActiveCfg = Debug|Any CPU
		{4C80D280-208E-437C-9EF6-3CEACF2597E4}.Debug|Any CPU.Build.0 = Debug|Any CPU
		{4C80D280-208E-437C-9EF6-3CEACF2597E4}.Release|Any CPU.ActiveCfg = Release|Any CPU
		{4C80D280-208E-437C-9EF6-3CEACF2597E4}.Release|Any CPU.Build.0 = Release|Any CPU
		{90FD998B-EBB3-4A9F-86E3-193A3713AF85}.Debug|Any CPU.ActiveCfg = Debug|Any CPU
		{90FD998B-EBB3-4A9F-86E3-193A3713AF85}.Debug|Any CPU.Build.0 = Debug|Any CPU
		{90FD998B-EBB3-4A9F-86E3-193A3713AF85}.Release|Any CPU.ActiveCfg = Release|Any CPU
		{90FD998B-EBB3-4A9F-86E3-193A3713AF85}.Release|Any CPU.Build.0 = Release|Any CPU
		{43B98A28-64EE-4445-9588-7CA102DFEDCF}.Debug|Any CPU.ActiveCfg = Debug|Any CPU
		{43B98A28-64EE-4445-9588-7CA102DFEDCF}.Debug|Any CPU.Build.0 = Debug|Any CPU
		{43B98A28-64EE-4445-9588-7CA102DFEDCF}.Release|Any CPU.ActiveCfg = Release|Any CPU
		{43B98A28-64EE-4445-9588-7CA102DFEDCF}.Release|Any CPU.Build.0 = Release|Any CPU
		{7F2546D2-0FCD-497F-B6FE-36D9194986C6}.Debug|Any CPU.ActiveCfg = Debug|Any CPU
		{7F2546D2-0FCD-497F-B6FE-36D9194986C6}.Debug|Any CPU.Build.0 = Debug|Any CPU
		{7F2546D2-0FCD-497F-B6FE-36D9194986C6}.Release|Any CPU.ActiveCfg = Release|Any CPU
		{7F2546D2-0FCD-497F-B6FE-36D9194986C6}.Release|Any CPU.Build.0 = Release|Any CPU
		{ABF39DA4-4A6E-41E3-861C-D299A6269E7F}.Debug|Any CPU.ActiveCfg = Debug|Any CPU
		{ABF39DA4-4A6E-41E3-861C-D299A6269E7F}.Debug|Any CPU.Build.0 = Debug|Any CPU
		{ABF39DA4-4A6E-41E3-861C-D299A6269E7F}.Release|Any CPU.ActiveCfg = Release|Any CPU
		{ABF39DA4-4A6E-41E3-861C-D299A6269E7F}.Release|Any CPU.Build.0 = Release|Any CPU
		{AF663910-01A2-4E9B-A553-927879FA70B1}.Debug|Any CPU.ActiveCfg = Debug|Any CPU
		{AF663910-01A2-4E9B-A553-927879FA70B1}.Debug|Any CPU.Build.0 = Debug|Any CPU
		{AF663910-01A2-4E9B-A553-927879FA70B1}.Release|Any CPU.ActiveCfg = Release|Any CPU
		{AF663910-01A2-4E9B-A553-927879FA70B1}.Release|Any CPU.Build.0 = Release|Any CPU
		{C6A89E99-2614-4370-A3E8-B00901EDD1D9}.Debug|Any CPU.ActiveCfg = Debug|Any CPU
		{C6A89E99-2614-4370-A3E8-B00901EDD1D9}.Debug|Any CPU.Build.0 = Debug|Any CPU
		{C6A89E99-2614-4370-A3E8-B00901EDD1D9}.Release|Any CPU.ActiveCfg = Release|Any CPU
		{C6A89E99-2614-4370-A3E8-B00901EDD1D9}.Release|Any CPU.Build.0 = Release|Any CPU
		{36CAE936-1A1A-4AA8-97B1-0F1731A8593D}.Debug|Any CPU.ActiveCfg = Debug|Any CPU
		{36CAE936-1A1A-4AA8-97B1-0F1731A8593D}.Debug|Any CPU.Build.0 = Debug|Any CPU
		{36CAE936-1A1A-4AA8-97B1-0F1731A8593D}.Release|Any CPU.ActiveCfg = Release|Any CPU
		{36CAE936-1A1A-4AA8-97B1-0F1731A8593D}.Release|Any CPU.Build.0 = Release|Any CPU
		{0465B1DF-450D-49C8-97D4-B37F7399C685}.Debug|Any CPU.ActiveCfg = Debug|Any CPU
		{0465B1DF-450D-49C8-97D4-B37F7399C685}.Debug|Any CPU.Build.0 = Debug|Any CPU
		{0465B1DF-450D-49C8-97D4-B37F7399C685}.Release|Any CPU.ActiveCfg = Release|Any CPU
		{0465B1DF-450D-49C8-97D4-B37F7399C685}.Release|Any CPU.Build.0 = Release|Any CPU
		{0C96285B-B334-4985-9FBF-8C0DCCB30967}.Debug|Any CPU.ActiveCfg = Debug|Any CPU
		{0C96285B-B334-4985-9FBF-8C0DCCB30967}.Debug|Any CPU.Build.0 = Debug|Any CPU
		{0C96285B-B334-4985-9FBF-8C0DCCB30967}.Release|Any CPU.ActiveCfg = Release|Any CPU
		{0C96285B-B334-4985-9FBF-8C0DCCB30967}.Release|Any CPU.Build.0 = Release|Any CPU
		{15A6B5AB-1D1E-4590-96FD-821067904719}.Debug|Any CPU.ActiveCfg = Debug|Any CPU
		{15A6B5AB-1D1E-4590-96FD-821067904719}.Debug|Any CPU.Build.0 = Debug|Any CPU
		{15A6B5AB-1D1E-4590-96FD-821067904719}.Release|Any CPU.ActiveCfg = Release|Any CPU
		{15A6B5AB-1D1E-4590-96FD-821067904719}.Release|Any CPU.Build.0 = Release|Any CPU
		{18E966A8-078B-48D6-BCD3-58AA4ED395F4}.Debug|Any CPU.ActiveCfg = Debug|Any CPU
		{18E966A8-078B-48D6-BCD3-58AA4ED395F4}.Debug|Any CPU.Build.0 = Debug|Any CPU
		{18E966A8-078B-48D6-BCD3-58AA4ED395F4}.Release|Any CPU.ActiveCfg = Release|Any CPU
		{18E966A8-078B-48D6-BCD3-58AA4ED395F4}.Release|Any CPU.Build.0 = Release|Any CPU
		{A1205A6D-7FE9-41A8-B5B0-D140D774511E}.Debug|Any CPU.ActiveCfg = Debug|Any CPU
		{A1205A6D-7FE9-41A8-B5B0-D140D774511E}.Debug|Any CPU.Build.0 = Debug|Any CPU
		{A1205A6D-7FE9-41A8-B5B0-D140D774511E}.Release|Any CPU.ActiveCfg = Release|Any CPU
		{A1205A6D-7FE9-41A8-B5B0-D140D774511E}.Release|Any CPU.Build.0 = Release|Any CPU
		{A730B063-C342-45DA-988F-C73AAB5AD06A}.Debug|Any CPU.ActiveCfg = Debug|Any CPU
		{A730B063-C342-45DA-988F-C73AAB5AD06A}.Debug|Any CPU.Build.0 = Debug|Any CPU
		{A730B063-C342-45DA-988F-C73AAB5AD06A}.Release|Any CPU.ActiveCfg = Release|Any CPU
		{A730B063-C342-45DA-988F-C73AAB5AD06A}.Release|Any CPU.Build.0 = Release|Any CPU
		{B59A2D5C-3E18-4E05-9379-CB034B82D561}.Debug|Any CPU.ActiveCfg = Debug|Any CPU
		{B59A2D5C-3E18-4E05-9379-CB034B82D561}.Debug|Any CPU.Build.0 = Debug|Any CPU
		{B59A2D5C-3E18-4E05-9379-CB034B82D561}.Release|Any CPU.ActiveCfg = Release|Any CPU
		{B59A2D5C-3E18-4E05-9379-CB034B82D561}.Release|Any CPU.Build.0 = Release|Any CPU
	EndGlobalSection
	GlobalSection(SolutionProperties) = preSolution
		HideSolutionNode = FALSE
	EndGlobalSection
	GlobalSection(NestedProjects) = preSolution
		{A85BEFFB-20AA-4AC6-97FA-CB0C4067B2DA} = {40B47CC9-EAE8-4E7A-A53D-C1F750E29FB7}
		{4C80D280-208E-437C-9EF6-3CEACF2597E4} = {40B47CC9-EAE8-4E7A-A53D-C1F750E29FB7}
		{8DBB7DC8-2B90-4A8C-A60D-D41466174BDE} = {F56F2926-46FD-4F02-A4A1-FB45C52C7571}
		{90FD998B-EBB3-4A9F-86E3-193A3713AF85} = {B605990A-4A3C-4A77-BB47-2C5DD9DE6E7C}
		{43B98A28-64EE-4445-9588-7CA102DFEDCF} = {B605990A-4A3C-4A77-BB47-2C5DD9DE6E7C}
		{7F2546D2-0FCD-497F-B6FE-36D9194986C6} = {40B47CC9-EAE8-4E7A-A53D-C1F750E29FB7}
		{ABF39DA4-4A6E-41E3-861C-D299A6269E7F} = {40B47CC9-EAE8-4E7A-A53D-C1F750E29FB7}
		{AF663910-01A2-4E9B-A553-927879FA70B1} = {B605990A-4A3C-4A77-BB47-2C5DD9DE6E7C}
		{C6A89E99-2614-4370-A3E8-B00901EDD1D9} = {B605990A-4A3C-4A77-BB47-2C5DD9DE6E7C}
		{36CAE936-1A1A-4AA8-97B1-0F1731A8593D} = {40B47CC9-EAE8-4E7A-A53D-C1F750E29FB7}
		{0465B1DF-450D-49C8-97D4-B37F7399C685} = {B605990A-4A3C-4A77-BB47-2C5DD9DE6E7C}
		{0C96285B-B334-4985-9FBF-8C0DCCB30967} = {40B47CC9-EAE8-4E7A-A53D-C1F750E29FB7}
		{15A6B5AB-1D1E-4590-96FD-821067904719} = {40B47CC9-EAE8-4E7A-A53D-C1F750E29FB7}
		{18E966A8-078B-48D6-BCD3-58AA4ED395F4} = {B605990A-4A3C-4A77-BB47-2C5DD9DE6E7C}
		{A1205A6D-7FE9-41A8-B5B0-D140D774511E} = {40B47CC9-EAE8-4E7A-A53D-C1F750E29FB7}
		{A730B063-C342-45DA-988F-C73AAB5AD06A} = {A12BC039-B8DF-45CC-9E2A-36769B00DB8D}
		{B59A2D5C-3E18-4E05-9379-CB034B82D561} = {A12BC039-B8DF-45CC-9E2A-36769B00DB8D}
	EndGlobalSection
	GlobalSection(ExtensibilityGlobals) = postSolution
		SolutionGuid = {03AD8E21-7507-4E68-A4E9-F4A7E7273164}
	EndGlobalSection
EndGlobal
