
Microsoft Visual Studio Solution File, Format Version 12.00
# Visual Studio 15
VisualStudioVersion = 15.0.27004.2010
MinimumVisualStudioVersion = 10.0.40219.1
Project("{2150E333-8FDC-42A3-9474-1A3956D46DE8}") = "Benchmark", "Benchmark", "{73108242-625A-4D7B-AA09-63375DBAE464}"
EndProject
Project("{2150E333-8FDC-42A3-9474-1A3956D46DE8}") = "Core", "Core", "{01167D3C-49C4-4CDE-9787-C176D139ACDD}"
EndProject
Project("{2150E333-8FDC-42A3-9474-1A3956D46DE8}") = "Contrib", "Contrib", "{588C1513-FAB6-42C3-B6FC-3485F13620CF}"
EndProject
Project("{2150E333-8FDC-42A3-9474-1A3956D46DE8}") = "TestKits", "TestKits", "{7625FD95-4B2C-4A5B-BDD5-94B1493FAC8E}"
EndProject
Project("{2150E333-8FDC-42A3-9474-1A3956D46DE8}") = "Persistence", "Persistence", "{264C22A4-CAFC-41F6-B82C-4DDC5C196767}"
EndProject
Project("{2150E333-8FDC-42A3-9474-1A3956D46DE8}") = "Serializers", "Serializers", "{0E55F1F8-E212-43D7-A0C0-ACEA9794B0D7}"
EndProject
Project("{2150E333-8FDC-42A3-9474-1A3956D46DE8}") = "Cluster", "Cluster", "{76F58DC4-19F1-43EF-A6E2-EC1CC8395AC5}"
EndProject
Project("{2150E333-8FDC-42A3-9474-1A3956D46DE8}") = "DependencyInjection", "DependencyInjection", "{48845655-5E60-40AB-A798-F118CC1CF510}"
EndProject
Project("{2150E333-8FDC-42A3-9474-1A3956D46DE8}") = "Examples", "Examples", "{D3AF8295-AEB5-4324-AA82-FCC0014AC310}"
EndProject
Project("{2150E333-8FDC-42A3-9474-1A3956D46DE8}") = "src", "src", "{40B47CC9-EAE8-4E7A-A53D-C1F750E29FB7}"
	ProjectSection(SolutionItems) = preProject
		src\Directory.Build.props = src\Directory.Build.props
	EndProjectSection
EndProject
Project("{9A19103F-16F7-4668-BE54-9A1E7A4F7556}") = "Akka", "src\Akka\Akka.csproj", "{A85BEFFB-20AA-4AC6-97FA-CB0C4067B2DA}"
EndProject
Project("{9A19103F-16F7-4668-BE54-9A1E7A4F7556}") = "Akka.Remote", "src\Akka.Remote\Akka.Remote.csproj", "{4C80D280-208E-437C-9EF6-3CEACF2597E4}"
EndProject
Project("{9A19103F-16F7-4668-BE54-9A1E7A4F7556}") = "Akka.Cluster", "src\Akka.Cluster\Akka.Cluster.csproj", "{98D8E615-575F-483C-8C01-E92F5DA437F4}"
EndProject
Project("{9A19103F-16F7-4668-BE54-9A1E7A4F7556}") = "Akka.Streams", "src\Akka.Streams\Akka.Streams.csproj", "{0F1BDEF0-2658-4616-892B-EA7AB0A82EA6}"
EndProject
Project("{9A19103F-16F7-4668-BE54-9A1E7A4F7556}") = "Akka.Persistence", "src\Akka.Persistence\Akka.Persistence.csproj", "{9F3332CB-CF59-4A2C-856F-D79D0947A11B}"
EndProject
Project("{9A19103F-16F7-4668-BE54-9A1E7A4F7556}") = "Akka.TestKit", "src\Akka.TestKit\Akka.TestKit.csproj", "{E9A53E3A-273D-45A6-AEED-E43FC7B122E6}"
EndProject
Project("{9A19103F-16F7-4668-BE54-9A1E7A4F7556}") = "Akka.TestKit.Xunit", "src\Akka.TestKit.Xunit\Akka.TestKit.Xunit.csproj", "{07A2D91B-A389-4899-B833-BF4A86877CD9}"
EndProject
Project("{9A19103F-16F7-4668-BE54-9A1E7A4F7556}") = "Akka.TestKit.Xunit2", "src\Akka.TestKit.Xunit2\Akka.TestKit.Xunit2.csproj", "{05250A76-113F-4224-B4F0-1CB10CB1D921}"
EndProject
Project("{9A19103F-16F7-4668-BE54-9A1E7A4F7556}") = "Akka.Tests.Shared.Internals", "src\Akka.Tests.Shared.Internals\Akka.Tests.Shared.Internals.csproj", "{10B5B6D4-F591-44E8-B7D8-B12304AE95FC}"
EndProject
Project("{9A19103F-16F7-4668-BE54-9A1E7A4F7556}") = "Akka.Cluster.TestKit", "src\Akka.Cluster.TestKit\Akka.Cluster.TestKit.csproj", "{F85E47E4-7D59-46F4-A085-E4AB03CC7C9F}"
EndProject
Project("{9A19103F-16F7-4668-BE54-9A1E7A4F7556}") = "Akka.Persistence.Query", "src\Akka.Persistence.Query\Akka.Persistence.Query.csproj", "{35832D46-A2E1-44F1-BE15-C9AC184F9003}"
EndProject
Project("{9A19103F-16F7-4668-BE54-9A1E7A4F7556}") = "Akka.Remote.TestKit", "src\Akka.Remote.TestKit\Akka.Remote.TestKit.csproj", "{FF923522-D37D-4A27-9966-2475659A2923}"
EndProject
Project("{9A19103F-16F7-4668-BE54-9A1E7A4F7556}") = "Akka.Streams.TestKit", "src\Akka.Streams.TestKit\Akka.Streams.TestKit.csproj", "{3427AD7A-98A8-48F4-A721-D55D6DC1877D}"
EndProject
Project("{9A19103F-16F7-4668-BE54-9A1E7A4F7556}") = "Akka.Serialization.Hyperion", "src\Akka.Serialization.Hyperion\Akka.Serialization.Hyperion.csproj", "{14947A2F-EB68-41E4-814F-143041DA6D77}"
EndProject
Project("{9A19103F-16F7-4668-BE54-9A1E7A4F7556}") = "Akka.Serialization.TestKit", "src\Akka.Serialization.TestKit\Akka.Serialization.TestKit.csproj", "{07E46A9B-FEFF-481F-946E-13E2C9E0F30C}"
EndProject
Project("{2150E333-8FDC-42A3-9474-1A3956D46DE8}") = "test", "test", "{82EF0321-2BFA-4E09-A2E2-E0B143A238DE}"
	ProjectSection(SolutionItems) = preProject
		test\Directory.Build.props = test\Directory.Build.props
	EndProjectSection
EndProject
Project("{9A19103F-16F7-4668-BE54-9A1E7A4F7556}") = "Akka.Serialization.Hyperion.Tests", "test\Akka.Serialization.Hyperion.Tests\Akka.Serialization.Hyperion.Tests.csproj", "{66C6E437-62B6-4D86-8CB7-93A438FB6573}"
EndProject
Project("{9A19103F-16F7-4668-BE54-9A1E7A4F7556}") = "Akka.Persistence.TCK", "src\Akka.Persistence.TCK\Akka.Persistence.TCK.csproj", "{E2A62B97-46A8-4089-B920-F50CFDDEE392}"
EndProject
Project("{9A19103F-16F7-4668-BE54-9A1E7A4F7556}") = "Akka.Tests", "test\Akka.Tests\Akka.Tests.csproj", "{16BADBC0-B1EC-435B-9753-782AB53F2515}"
EndProject
Project("{9A19103F-16F7-4668-BE54-9A1E7A4F7556}") = "Akka.DI.Core", "src\Akka.DI.Core\Akka.DI.Core.csproj", "{E93E2420-B5CA-492D-8E88-D58ECBB4D187}"
EndProject
Project("{9A19103F-16F7-4668-BE54-9A1E7A4F7556}") = "Akka.DI.TestKit", "src\Akka.DI.TestKit\Akka.DI.TestKit.csproj", "{5C69AD89-DEAA-44BC-B3ED-E801D67847EF}"
EndProject
Project("{9A19103F-16F7-4668-BE54-9A1E7A4F7556}") = "Akka.Cluster.Tools", "src\Akka.Cluster.Tools\Akka.Cluster.Tools.csproj", "{4CBB034F-9AD0-4D45-82B2-7DEAFFF78B35}"
EndProject
Project("{9A19103F-16F7-4668-BE54-9A1E7A4F7556}") = "Akka.DistributedData", "src\Akka.DistributedData\Akka.DistributedData.csproj", "{F53C76EE-3E94-4198-8367-740B7BA40CCC}"
EndProject
Project("{9A19103F-16F7-4668-BE54-9A1E7A4F7556}") = "Akka.Cluster.Sharding", "src\Akka.Cluster.Sharding\Akka.Cluster.Sharding.csproj", "{DAE095BB-92C3-47FB-ABAF-C32D96E4228B}"
EndProject
Project("{9A19103F-16F7-4668-BE54-9A1E7A4F7556}") = "Akka.Persistence.Sql.Common", "src\Akka.Persistence.Sql.Common\Akka.Persistence.Sql.Common.csproj", "{96C38C58-8C89-4EB6-A4AA-D9907B71CF59}"
EndProject
Project("{9A19103F-16F7-4668-BE54-9A1E7A4F7556}") = "Akka.Persistence.Query.Sql", "src\Akka.Persistence.Query.Sql\Akka.Persistence.Query.Sql.csproj", "{05249FBD-B2A7-457D-8483-9F7D179BEB12}"
EndProject
Project("{9A19103F-16F7-4668-BE54-9A1E7A4F7556}") = "Akka.Persistence.Sql.TestKit", "src\Akka.Persistence.Sql.TestKit\Akka.Persistence.Sql.TestKit.csproj", "{0D4567C5-665C-46C4-9266-DB78E311012B}"
EndProject
Project("{9A19103F-16F7-4668-BE54-9A1E7A4F7556}") = "Akka.Persistence.Sqlite", "src\Akka.Persistence.Sqlite\Akka.Persistence.Sqlite.csproj", "{1BF88901-CC6D-4878-A5E4-A796F9401091}"
EndProject
Project("{9A19103F-16F7-4668-BE54-9A1E7A4F7556}") = "Akka.Persistence.Sqlite.Tests", "test\Akka.Persistence.Sqlite.Tests\Akka.Persistence.Sqlite.Tests.csproj", "{20EFCF72-8D8A-4E1C-89CE-D2C0F73707B6}"
EndProject
Project("{9A19103F-16F7-4668-BE54-9A1E7A4F7556}") = "Akka.Cluster.Tools.Tests", "test\Akka.Cluster.Tools.Tests\Akka.Cluster.Tools.Tests.csproj", "{DBBAF24B-C6E5-4D3E-B3F1-D0AF5ED74C7B}"
EndProject
Project("{9A19103F-16F7-4668-BE54-9A1E7A4F7556}") = "Akka.Cluster.Sharding.Tests", "test\Akka.Cluster.Sharding.Tests\Akka.Cluster.Sharding.Tests.csproj", "{2205D490-53C4-457F-8EA1-F62FBCE340A0}"
EndProject
Project("{9A19103F-16F7-4668-BE54-9A1E7A4F7556}") = "Akka.Cluster.Tools.Tests.MultiNode", "test\Akka.Cluster.Tools.Tests.MultiNode\Akka.Cluster.Tools.Tests.MultiNode.csproj", "{84E23AA9-7D7A-4C6C-8FA6-807DDA401287}"
EndProject
Project("{9A19103F-16F7-4668-BE54-9A1E7A4F7556}") = "Akka.Cluster.Sharding.Tests.MultiNode", "test\Akka.Cluster.Sharding.Tests.MultiNode\Akka.Cluster.Sharding.Tests.MultiNode.csproj", "{62EDB450-6E89-4D47-81FB-ACA607DB2043}"
EndProject
Project("{9A19103F-16F7-4668-BE54-9A1E7A4F7556}") = "Akka.DistributedData.Tests.MultiNode", "test\Akka.DistributedData.Tests.MultiNode\Akka.DistributedData.Tests.MultiNode.csproj", "{69EEAA40-A303-4401-87FA-F9B7B4F435B1}"
EndProject
Project("{9A19103F-16F7-4668-BE54-9A1E7A4F7556}") = "Akka.DistributedData.Tests", "test\Akka.DistributedData.Tests\Akka.DistributedData.Tests.csproj", "{3B24F938-C7C7-4578-B570-22A4B7F41275}"
EndProject
Project("{9A19103F-16F7-4668-BE54-9A1E7A4F7556}") = "Akka.TestKit.Tests", "test\Akka.TestKit.Tests\Akka.TestKit.Tests.csproj", "{DCDD9D50-0326-4983-91A3-F49B0FC32194}"
EndProject
Project("{9A19103F-16F7-4668-BE54-9A1E7A4F7556}") = "Akka.Streams.TestKit.Tests", "test\Akka.Streams.TestKit.Tests\Akka.Streams.TestKit.Tests.csproj", "{A5A99CED-8DFC-437C-928A-B3BC75BC98A6}"
EndProject
Project("{9A19103F-16F7-4668-BE54-9A1E7A4F7556}") = "Akka.Remote.TestKit.Tests", "test\Akka.Remote.TestKit.Tests\Akka.Remote.TestKit.Tests.csproj", "{B2D8D0CA-02F5-4075-82EE-4E781E5DE932}"
EndProject
Project("{9A19103F-16F7-4668-BE54-9A1E7A4F7556}") = "Akka.Remote.Tests", "test\Akka.Remote.Tests\Akka.Remote.Tests.csproj", "{5C65FA64-C5D5-40BC-8F4E-BAB02E7D5A71}"
EndProject
Project("{9A19103F-16F7-4668-BE54-9A1E7A4F7556}") = "Akka.Remote.Tests.MultiNode", "test\Akka.Remote.Tests.MultiNode\Akka.Remote.Tests.MultiNode.csproj", "{4B6BA93E-4A34-4664-9C7C-EEFD5AA1367C}"
EndProject
Project("{9A19103F-16F7-4668-BE54-9A1E7A4F7556}") = "Akka.Remote.Tests.Performance", "test\Akka.Remote.Tests.Performance\Akka.Remote.Tests.Performance.csproj", "{E5D50A22-B310-4152-9797-C7D157F4CB48}"
EndProject
Project("{9A19103F-16F7-4668-BE54-9A1E7A4F7556}") = "Akka.Persistence.Tests", "test\Akka.Persistence.Tests\Akka.Persistence.Tests.csproj", "{A6206B16-4987-40DB-9B20-C9CEFBEA96E7}"
EndProject
Project("{9A19103F-16F7-4668-BE54-9A1E7A4F7556}") = "Akka.Persistence.Query.Tests", "test\Akka.Persistence.Query.Tests\Akka.Persistence.Query.Tests.csproj", "{12341C6C-0B23-4280-9530-EE9470B755E4}"
EndProject
Project("{9A19103F-16F7-4668-BE54-9A1E7A4F7556}") = "Akka.Persistence.TCK.Tests", "test\Akka.Persistence.TCK.Tests\Akka.Persistence.TCK.Tests.csproj", "{EFEBCF45-649A-4A7A-BEA0-0AED8FA1BDB4}"
EndProject
Project("{9A19103F-16F7-4668-BE54-9A1E7A4F7556}") = "Akka.Cluster.Tests", "test\Akka.Cluster.Tests\Akka.Cluster.Tests.csproj", "{8E3204FC-9AB3-4539-AC12-06999A032C4E}"
EndProject
Project("{9A19103F-16F7-4668-BE54-9A1E7A4F7556}") = "Akka.Cluster.Tests.MultiNode", "test\Akka.Cluster.Tests.MultiNode\Akka.Cluster.Tests.MultiNode.csproj", "{5F28F55F-BD73-4078-82E9-9AD4C836D38C}"
EndProject
Project("{9A19103F-16F7-4668-BE54-9A1E7A4F7556}") = "Akka.Cluster.Tests.Performance", "test\Akka.Cluster.Tests.Performance\Akka.Cluster.Tests.Performance.csproj", "{14881A2B-FC3A-4828-8774-B6C6CB45BF92}"
EndProject
Project("{9A19103F-16F7-4668-BE54-9A1E7A4F7556}") = "Akka.Streams.Tests.Performance", "test\Akka.Streams.Tests.Performance\Akka.Streams.Tests.Performance.csproj", "{35C116C8-BB0E-49D9-A397-5EB40F2341D5}"
EndProject
Project("{9A19103F-16F7-4668-BE54-9A1E7A4F7556}") = "Akka.Tests.Performance", "test\Akka.Tests.Performance\Akka.Tests.Performance.csproj", "{BE4E0A19-85F1-4102-A441-F7694F808872}"
EndProject
Project("{9A19103F-16F7-4668-BE54-9A1E7A4F7556}") = "Akka.Streams.Tests", "test\Akka.Streams.Tests\Akka.Streams.Tests.csproj", "{387586C4-8111-4B62-A9AE-6059C0975654}"
EndProject
Project("{2150E333-8FDC-42A3-9474-1A3956D46DE8}") = "Solution Items", "Solution Items", "{A21675C8-61E0-413F-99FF-CF26BABF2E85}"
	ProjectSection(SolutionItems) = preProject
		clean.cmd = clean.cmd
		Dependencies.Akka.props = Dependencies.Akka.props
		Directory.Build.props = Directory.Build.props
		Directory.Build.targets = Directory.Build.targets
		Directory.Signed.props = Directory.Signed.props
		Issue.txt = Issue.txt
		LICENSE = LICENSE
		NuGet.Config = NuGet.Config
		nuget.props = nuget.props
		version.props = version.props
	EndProjectSection
EndProject
Project("{9A19103F-16F7-4668-BE54-9A1E7A4F7556}") = "ChatMessages", "examples\ChatMessages\ChatMessages.csproj", "{7C79A716-ABFE-41EB-A191-4675474E06BE}"
EndProject
Project("{9A19103F-16F7-4668-BE54-9A1E7A4F7556}") = "ChatClient", "examples\ChatClient\ChatClient.csproj", "{C9A7B06B-F641-47C5-93DC-32B9B16DC78B}"
EndProject
Project("{9A19103F-16F7-4668-BE54-9A1E7A4F7556}") = "ChatServer", "examples\ChatServer\ChatServer.csproj", "{E3896A34-7F79-484F-8879-B993466686C3}"
EndProject
Project("{9A19103F-16F7-4668-BE54-9A1E7A4F7556}") = "Akka.DI.AutoFac", "src\Akka.DI.AutoFac\Akka.DI.AutoFac.csproj", "{2F8D1F6B-F27F-43DB-A75D-266BE62166F7}"
EndProject
Project("{9A19103F-16F7-4668-BE54-9A1E7A4F7556}") = "Akka.DI.AutoFac.Tests", "test\Akka.DI.AutoFac.Tests\Akka.DI.AutoFac.Tests.csproj", "{5B13404B-C05B-4A56-A90D-574A58DD32D5}"
EndProject
Project("{9A19103F-16F7-4668-BE54-9A1E7A4F7556}") = "Akka.DI.Grace.Tests", "test\Akka.DI.Grace.Tests\Akka.DI.Grace.Tests.csproj", "{2CA91E30-9EC4-425B-BC41-D1C76480C249}"
EndProject
Project("{2150E333-8FDC-42A3-9474-1A3956D46DE8}") = "Logging", "Logging", "{D860E6CB-0A3B-4FD0-8A2A-82512374F84C}"
EndProject
Project("{9A19103F-16F7-4668-BE54-9A1E7A4F7556}") = "Akka.Logger.NLog", "src\Akka.Logger.NLog\Akka.Logger.NLog.csproj", "{9E8925F9-2486-4A7E-B621-25B1329DAA24}"
EndProject
Project("{9A19103F-16F7-4668-BE54-9A1E7A4F7556}") = "Akka.Logger.Serilog", "src\Akka.Logger.Serilog\Akka.Logger.Serilog.csproj", "{12620C91-80C8-40CF-882B-2E3FB5AF614E}"
EndProject
Project("{9A19103F-16F7-4668-BE54-9A1E7A4F7556}") = "Akka.Persistence.MongoDb", "src\Akka.Persistence.MongoDB\Akka.Persistence.MongoDb.csproj", "{5030B5FB-B7AD-4699-8359-782B9DE7AE5B}"
EndProject
Project("{9A19103F-16F7-4668-BE54-9A1E7A4F7556}") = "Akka.Persistence.MongoDb.Tests", "test\Akka.Persistence.MongoDb.Tests\Akka.Persistence.MongoDb.Tests.csproj", "{ECFE86B3-69E4-4403-8865-05EDA53431C5}"
EndProject
Project("{2150E333-8FDC-42A3-9474-1A3956D46DE8}") = "MultiNode", "MultiNode", "{C6810336-4365-4413-A93E-A10DE0051170}"
EndProject
Project("{9A19103F-16F7-4668-BE54-9A1E7A4F7556}") = "Akka.MultiNodeTestRunner.Shared", "src\Akka.MultiNodeTestRunner.Shared\Akka.MultiNodeTestRunner.Shared.csproj", "{2CFD77C7-C485-464D-A9B1-B6995209EE60}"
EndProject
Project("{9A19103F-16F7-4668-BE54-9A1E7A4F7556}") = "Akka.NodeTestRunner", "src\Akka.NodeTestRunner\Akka.NodeTestRunner.csproj", "{87A3761D-45B3-4269-9E9D-E274D469B22F}"
EndProject
Project("{9A19103F-16F7-4668-BE54-9A1E7A4F7556}") = "Akka.MultiNodeTestRunner", "src\Akka.MultiNodeTestRunner\Akka.MultiNodeTestRunner.csproj", "{C6B0DD26-595C-4DB5-964E-4999B99C0BD8}"
EndProject
Project("{9A19103F-16F7-4668-BE54-9A1E7A4F7556}") = "Akka.MultiNodeTestRunner.Shared.Tests", "test\Akka.MultiNodeTestRunner.Shared.Tests\Akka.MultiNodeTestRunner.Shared.Tests.csproj", "{18CBC5E5-7E45-44BC-908B-BD4487D9FA47}"
EndProject
Project("{9A19103F-16F7-4668-BE54-9A1E7A4F7556}") = "Akka.Serialization.MessagePack", "src\Akka.Serialization.MessagePack\Akka.Serialization.MessagePack.csproj", "{81307693-1CFE-4D41-BD15-38B3F5A8CBE7}"
EndProject
Project("{9A19103F-16F7-4668-BE54-9A1E7A4F7556}") = "Akka.Serialization.MessagePack.Tests", "test\Akka.Serialization.MessagePack.Tests\Akka.Serialization.MessagePack.Tests.csproj", "{3582D9F4-B048-431E-8EA6-01BCE0ACF87A}"
EndProject
Project("{2150E333-8FDC-42A3-9474-1A3956D46DE8}") = "Transports", "Transports", "{29CCF3CA-93F9-4ACC-8672-2D74C35F7406}"
EndProject
Project("{9A19103F-16F7-4668-BE54-9A1E7A4F7556}") = "Akka.Persistence.Wings", "src\Akka.Persistence.Wings\Akka.Persistence.Wings.csproj", "{AF18182B-8FD3-40EC-8B36-FCB991F28931}"
EndProject
Project("{2150E333-8FDC-42A3-9474-1A3956D46DE8}") = "Shared", "Shared", "{E71D61B4-AF27-49E2-878D-7C0CF0163937}"
EndProject
Project("{D954291E-2A0B-460D-934E-DC6B0785DB48}") = "CuteAnt.Extensions.Logging.Sources", "..\CuteAnt.Extensions.Common\src\CuteAnt.Extensions.Logging.Sources\CuteAnt.Extensions.Logging.Sources.shproj", "{8DBB7DC8-2B90-4A8C-A60D-D41466174BDE}"
EndProject
Project("{2150E333-8FDC-42A3-9474-1A3956D46DE8}") = "Protobuf", "Protobuf", "{662A0C76-9131-435F-B77A-05C43CEEA8CF}"
EndProject
Project("{9A19103F-16F7-4668-BE54-9A1E7A4F7556}") = "Google.Protobuf", "src\Google.Protobuf\Google.Protobuf.csproj", "{854FEC16-4E42-4CDF-B65B-8F80E1EB0DE6}"
EndProject
Project("{9A19103F-16F7-4668-BE54-9A1E7A4F7556}") = "Akka.Logger.Serilog.Tests", "test\Akka.Logger.Serilog.Tests\Akka.Logger.Serilog.Tests.csproj", "{AA26E3CF-E423-4DAA-BF79-F36430B4B8EB}"
EndProject
Project("{9A19103F-16F7-4668-BE54-9A1E7A4F7556}") = "Akka.Serialization.Protobuf", "src\Akka.Serialization.Protobuf\Akka.Serialization.Protobuf.csproj", "{E4641E92-B916-4A91-A663-B3515D292D40}"
EndProject
Project("{9A19103F-16F7-4668-BE54-9A1E7A4F7556}") = "RemotePingPong", "benchmark\RemotePingPong\RemotePingPong.csproj", "{54E69FA9-08E9-4DE9-9C6A-723714E3E94A}"
EndProject
Global
	GlobalSection(SharedMSBuildProjectFiles) = preSolution
		..\CuteAnt.Extensions.Common\src\CuteAnt.Extensions.Logging.Sources\CuteAnt.Extensions.Logging.Sources.projitems*{8dbb7dc8-2b90-4a8c-a60d-d41466174bde}*SharedItemsImports = 13
	EndGlobalSection
	GlobalSection(SolutionConfigurationPlatforms) = preSolution
		Debug|Any CPU = Debug|Any CPU
		Release|Any CPU = Release|Any CPU
	EndGlobalSection
	GlobalSection(ProjectConfigurationPlatforms) = postSolution
		{A85BEFFB-20AA-4AC6-97FA-CB0C4067B2DA}.Debug|Any CPU.ActiveCfg = Debug|Any CPU
		{A85BEFFB-20AA-4AC6-97FA-CB0C4067B2DA}.Debug|Any CPU.Build.0 = Debug|Any CPU
		{A85BEFFB-20AA-4AC6-97FA-CB0C4067B2DA}.Release|Any CPU.ActiveCfg = Release|Any CPU
		{A85BEFFB-20AA-4AC6-97FA-CB0C4067B2DA}.Release|Any CPU.Build.0 = Release|Any CPU
		{4C80D280-208E-437C-9EF6-3CEACF2597E4}.Debug|Any CPU.ActiveCfg = Debug|Any CPU
		{4C80D280-208E-437C-9EF6-3CEACF2597E4}.Debug|Any CPU.Build.0 = Debug|Any CPU
		{4C80D280-208E-437C-9EF6-3CEACF2597E4}.Release|Any CPU.ActiveCfg = Release|Any CPU
		{4C80D280-208E-437C-9EF6-3CEACF2597E4}.Release|Any CPU.Build.0 = Release|Any CPU
		{98D8E615-575F-483C-8C01-E92F5DA437F4}.Debug|Any CPU.ActiveCfg = Debug|Any CPU
		{98D8E615-575F-483C-8C01-E92F5DA437F4}.Debug|Any CPU.Build.0 = Debug|Any CPU
		{98D8E615-575F-483C-8C01-E92F5DA437F4}.Release|Any CPU.ActiveCfg = Release|Any CPU
		{98D8E615-575F-483C-8C01-E92F5DA437F4}.Release|Any CPU.Build.0 = Release|Any CPU
		{0F1BDEF0-2658-4616-892B-EA7AB0A82EA6}.Debug|Any CPU.ActiveCfg = Debug|Any CPU
		{0F1BDEF0-2658-4616-892B-EA7AB0A82EA6}.Debug|Any CPU.Build.0 = Debug|Any CPU
		{0F1BDEF0-2658-4616-892B-EA7AB0A82EA6}.Release|Any CPU.ActiveCfg = Release|Any CPU
		{0F1BDEF0-2658-4616-892B-EA7AB0A82EA6}.Release|Any CPU.Build.0 = Release|Any CPU
		{9F3332CB-CF59-4A2C-856F-D79D0947A11B}.Debug|Any CPU.ActiveCfg = Debug|Any CPU
		{9F3332CB-CF59-4A2C-856F-D79D0947A11B}.Debug|Any CPU.Build.0 = Debug|Any CPU
		{9F3332CB-CF59-4A2C-856F-D79D0947A11B}.Release|Any CPU.ActiveCfg = Release|Any CPU
		{9F3332CB-CF59-4A2C-856F-D79D0947A11B}.Release|Any CPU.Build.0 = Release|Any CPU
		{E9A53E3A-273D-45A6-AEED-E43FC7B122E6}.Debug|Any CPU.ActiveCfg = Debug|Any CPU
		{E9A53E3A-273D-45A6-AEED-E43FC7B122E6}.Debug|Any CPU.Build.0 = Debug|Any CPU
		{E9A53E3A-273D-45A6-AEED-E43FC7B122E6}.Release|Any CPU.ActiveCfg = Release|Any CPU
		{E9A53E3A-273D-45A6-AEED-E43FC7B122E6}.Release|Any CPU.Build.0 = Release|Any CPU
		{07A2D91B-A389-4899-B833-BF4A86877CD9}.Debug|Any CPU.ActiveCfg = Debug|Any CPU
		{07A2D91B-A389-4899-B833-BF4A86877CD9}.Debug|Any CPU.Build.0 = Debug|Any CPU
		{07A2D91B-A389-4899-B833-BF4A86877CD9}.Release|Any CPU.ActiveCfg = Release|Any CPU
		{07A2D91B-A389-4899-B833-BF4A86877CD9}.Release|Any CPU.Build.0 = Release|Any CPU
		{05250A76-113F-4224-B4F0-1CB10CB1D921}.Debug|Any CPU.ActiveCfg = Debug|Any CPU
		{05250A76-113F-4224-B4F0-1CB10CB1D921}.Debug|Any CPU.Build.0 = Debug|Any CPU
		{05250A76-113F-4224-B4F0-1CB10CB1D921}.Release|Any CPU.ActiveCfg = Release|Any CPU
		{05250A76-113F-4224-B4F0-1CB10CB1D921}.Release|Any CPU.Build.0 = Release|Any CPU
		{10B5B6D4-F591-44E8-B7D8-B12304AE95FC}.Debug|Any CPU.ActiveCfg = Debug|Any CPU
		{10B5B6D4-F591-44E8-B7D8-B12304AE95FC}.Debug|Any CPU.Build.0 = Debug|Any CPU
		{10B5B6D4-F591-44E8-B7D8-B12304AE95FC}.Release|Any CPU.ActiveCfg = Release|Any CPU
		{10B5B6D4-F591-44E8-B7D8-B12304AE95FC}.Release|Any CPU.Build.0 = Release|Any CPU
		{F85E47E4-7D59-46F4-A085-E4AB03CC7C9F}.Debug|Any CPU.ActiveCfg = Debug|Any CPU
		{F85E47E4-7D59-46F4-A085-E4AB03CC7C9F}.Debug|Any CPU.Build.0 = Debug|Any CPU
		{F85E47E4-7D59-46F4-A085-E4AB03CC7C9F}.Release|Any CPU.ActiveCfg = Release|Any CPU
		{F85E47E4-7D59-46F4-A085-E4AB03CC7C9F}.Release|Any CPU.Build.0 = Release|Any CPU
		{35832D46-A2E1-44F1-BE15-C9AC184F9003}.Debug|Any CPU.ActiveCfg = Debug|Any CPU
		{35832D46-A2E1-44F1-BE15-C9AC184F9003}.Debug|Any CPU.Build.0 = Debug|Any CPU
		{35832D46-A2E1-44F1-BE15-C9AC184F9003}.Release|Any CPU.ActiveCfg = Release|Any CPU
		{35832D46-A2E1-44F1-BE15-C9AC184F9003}.Release|Any CPU.Build.0 = Release|Any CPU
		{FF923522-D37D-4A27-9966-2475659A2923}.Debug|Any CPU.ActiveCfg = Debug|Any CPU
		{FF923522-D37D-4A27-9966-2475659A2923}.Debug|Any CPU.Build.0 = Debug|Any CPU
		{FF923522-D37D-4A27-9966-2475659A2923}.Release|Any CPU.ActiveCfg = Release|Any CPU
		{FF923522-D37D-4A27-9966-2475659A2923}.Release|Any CPU.Build.0 = Release|Any CPU
		{3427AD7A-98A8-48F4-A721-D55D6DC1877D}.Debug|Any CPU.ActiveCfg = Debug|Any CPU
		{3427AD7A-98A8-48F4-A721-D55D6DC1877D}.Debug|Any CPU.Build.0 = Debug|Any CPU
		{3427AD7A-98A8-48F4-A721-D55D6DC1877D}.Release|Any CPU.ActiveCfg = Release|Any CPU
		{3427AD7A-98A8-48F4-A721-D55D6DC1877D}.Release|Any CPU.Build.0 = Release|Any CPU
		{14947A2F-EB68-41E4-814F-143041DA6D77}.Debug|Any CPU.ActiveCfg = Debug|Any CPU
		{14947A2F-EB68-41E4-814F-143041DA6D77}.Debug|Any CPU.Build.0 = Debug|Any CPU
		{14947A2F-EB68-41E4-814F-143041DA6D77}.Release|Any CPU.ActiveCfg = Release|Any CPU
		{14947A2F-EB68-41E4-814F-143041DA6D77}.Release|Any CPU.Build.0 = Release|Any CPU
		{07E46A9B-FEFF-481F-946E-13E2C9E0F30C}.Debug|Any CPU.ActiveCfg = Debug|Any CPU
		{07E46A9B-FEFF-481F-946E-13E2C9E0F30C}.Debug|Any CPU.Build.0 = Debug|Any CPU
		{07E46A9B-FEFF-481F-946E-13E2C9E0F30C}.Release|Any CPU.ActiveCfg = Release|Any CPU
		{07E46A9B-FEFF-481F-946E-13E2C9E0F30C}.Release|Any CPU.Build.0 = Release|Any CPU
		{66C6E437-62B6-4D86-8CB7-93A438FB6573}.Debug|Any CPU.ActiveCfg = Debug|Any CPU
		{66C6E437-62B6-4D86-8CB7-93A438FB6573}.Debug|Any CPU.Build.0 = Debug|Any CPU
		{66C6E437-62B6-4D86-8CB7-93A438FB6573}.Release|Any CPU.ActiveCfg = Release|Any CPU
		{66C6E437-62B6-4D86-8CB7-93A438FB6573}.Release|Any CPU.Build.0 = Release|Any CPU
		{E2A62B97-46A8-4089-B920-F50CFDDEE392}.Debug|Any CPU.ActiveCfg = Debug|Any CPU
		{E2A62B97-46A8-4089-B920-F50CFDDEE392}.Debug|Any CPU.Build.0 = Debug|Any CPU
		{E2A62B97-46A8-4089-B920-F50CFDDEE392}.Release|Any CPU.ActiveCfg = Release|Any CPU
		{E2A62B97-46A8-4089-B920-F50CFDDEE392}.Release|Any CPU.Build.0 = Release|Any CPU
		{16BADBC0-B1EC-435B-9753-782AB53F2515}.Debug|Any CPU.ActiveCfg = Debug|Any CPU
		{16BADBC0-B1EC-435B-9753-782AB53F2515}.Debug|Any CPU.Build.0 = Debug|Any CPU
		{16BADBC0-B1EC-435B-9753-782AB53F2515}.Release|Any CPU.ActiveCfg = Release|Any CPU
		{16BADBC0-B1EC-435B-9753-782AB53F2515}.Release|Any CPU.Build.0 = Release|Any CPU
		{E93E2420-B5CA-492D-8E88-D58ECBB4D187}.Debug|Any CPU.ActiveCfg = Debug|Any CPU
		{E93E2420-B5CA-492D-8E88-D58ECBB4D187}.Debug|Any CPU.Build.0 = Debug|Any CPU
		{E93E2420-B5CA-492D-8E88-D58ECBB4D187}.Release|Any CPU.ActiveCfg = Release|Any CPU
		{E93E2420-B5CA-492D-8E88-D58ECBB4D187}.Release|Any CPU.Build.0 = Release|Any CPU
		{5C69AD89-DEAA-44BC-B3ED-E801D67847EF}.Debug|Any CPU.ActiveCfg = Debug|Any CPU
		{5C69AD89-DEAA-44BC-B3ED-E801D67847EF}.Debug|Any CPU.Build.0 = Debug|Any CPU
		{5C69AD89-DEAA-44BC-B3ED-E801D67847EF}.Release|Any CPU.ActiveCfg = Release|Any CPU
		{5C69AD89-DEAA-44BC-B3ED-E801D67847EF}.Release|Any CPU.Build.0 = Release|Any CPU
		{4CBB034F-9AD0-4D45-82B2-7DEAFFF78B35}.Debug|Any CPU.ActiveCfg = Debug|Any CPU
		{4CBB034F-9AD0-4D45-82B2-7DEAFFF78B35}.Debug|Any CPU.Build.0 = Debug|Any CPU
		{4CBB034F-9AD0-4D45-82B2-7DEAFFF78B35}.Release|Any CPU.ActiveCfg = Release|Any CPU
		{4CBB034F-9AD0-4D45-82B2-7DEAFFF78B35}.Release|Any CPU.Build.0 = Release|Any CPU
		{F53C76EE-3E94-4198-8367-740B7BA40CCC}.Debug|Any CPU.ActiveCfg = Debug|Any CPU
		{F53C76EE-3E94-4198-8367-740B7BA40CCC}.Debug|Any CPU.Build.0 = Debug|Any CPU
		{F53C76EE-3E94-4198-8367-740B7BA40CCC}.Release|Any CPU.ActiveCfg = Release|Any CPU
		{F53C76EE-3E94-4198-8367-740B7BA40CCC}.Release|Any CPU.Build.0 = Release|Any CPU
		{DAE095BB-92C3-47FB-ABAF-C32D96E4228B}.Debug|Any CPU.ActiveCfg = Debug|Any CPU
		{DAE095BB-92C3-47FB-ABAF-C32D96E4228B}.Debug|Any CPU.Build.0 = Debug|Any CPU
		{DAE095BB-92C3-47FB-ABAF-C32D96E4228B}.Release|Any CPU.ActiveCfg = Release|Any CPU
		{DAE095BB-92C3-47FB-ABAF-C32D96E4228B}.Release|Any CPU.Build.0 = Release|Any CPU
		{96C38C58-8C89-4EB6-A4AA-D9907B71CF59}.Debug|Any CPU.ActiveCfg = Debug|Any CPU
		{96C38C58-8C89-4EB6-A4AA-D9907B71CF59}.Debug|Any CPU.Build.0 = Debug|Any CPU
		{96C38C58-8C89-4EB6-A4AA-D9907B71CF59}.Release|Any CPU.ActiveCfg = Release|Any CPU
		{96C38C58-8C89-4EB6-A4AA-D9907B71CF59}.Release|Any CPU.Build.0 = Release|Any CPU
		{05249FBD-B2A7-457D-8483-9F7D179BEB12}.Debug|Any CPU.ActiveCfg = Debug|Any CPU
		{05249FBD-B2A7-457D-8483-9F7D179BEB12}.Debug|Any CPU.Build.0 = Debug|Any CPU
		{05249FBD-B2A7-457D-8483-9F7D179BEB12}.Release|Any CPU.ActiveCfg = Release|Any CPU
		{05249FBD-B2A7-457D-8483-9F7D179BEB12}.Release|Any CPU.Build.0 = Release|Any CPU
		{0D4567C5-665C-46C4-9266-DB78E311012B}.Debug|Any CPU.ActiveCfg = Debug|Any CPU
		{0D4567C5-665C-46C4-9266-DB78E311012B}.Debug|Any CPU.Build.0 = Debug|Any CPU
		{0D4567C5-665C-46C4-9266-DB78E311012B}.Release|Any CPU.ActiveCfg = Release|Any CPU
		{0D4567C5-665C-46C4-9266-DB78E311012B}.Release|Any CPU.Build.0 = Release|Any CPU
		{1BF88901-CC6D-4878-A5E4-A796F9401091}.Debug|Any CPU.ActiveCfg = Debug|Any CPU
		{1BF88901-CC6D-4878-A5E4-A796F9401091}.Debug|Any CPU.Build.0 = Debug|Any CPU
		{1BF88901-CC6D-4878-A5E4-A796F9401091}.Release|Any CPU.ActiveCfg = Release|Any CPU
		{1BF88901-CC6D-4878-A5E4-A796F9401091}.Release|Any CPU.Build.0 = Release|Any CPU
		{20EFCF72-8D8A-4E1C-89CE-D2C0F73707B6}.Debug|Any CPU.ActiveCfg = Debug|Any CPU
		{20EFCF72-8D8A-4E1C-89CE-D2C0F73707B6}.Debug|Any CPU.Build.0 = Debug|Any CPU
		{20EFCF72-8D8A-4E1C-89CE-D2C0F73707B6}.Release|Any CPU.ActiveCfg = Release|Any CPU
		{20EFCF72-8D8A-4E1C-89CE-D2C0F73707B6}.Release|Any CPU.Build.0 = Release|Any CPU
		{DBBAF24B-C6E5-4D3E-B3F1-D0AF5ED74C7B}.Debug|Any CPU.ActiveCfg = Debug|Any CPU
		{DBBAF24B-C6E5-4D3E-B3F1-D0AF5ED74C7B}.Debug|Any CPU.Build.0 = Debug|Any CPU
		{DBBAF24B-C6E5-4D3E-B3F1-D0AF5ED74C7B}.Release|Any CPU.ActiveCfg = Release|Any CPU
		{DBBAF24B-C6E5-4D3E-B3F1-D0AF5ED74C7B}.Release|Any CPU.Build.0 = Release|Any CPU
		{2205D490-53C4-457F-8EA1-F62FBCE340A0}.Debug|Any CPU.ActiveCfg = Debug|Any CPU
		{2205D490-53C4-457F-8EA1-F62FBCE340A0}.Debug|Any CPU.Build.0 = Debug|Any CPU
		{2205D490-53C4-457F-8EA1-F62FBCE340A0}.Release|Any CPU.ActiveCfg = Release|Any CPU
		{2205D490-53C4-457F-8EA1-F62FBCE340A0}.Release|Any CPU.Build.0 = Release|Any CPU
		{84E23AA9-7D7A-4C6C-8FA6-807DDA401287}.Debug|Any CPU.ActiveCfg = Debug|Any CPU
		{84E23AA9-7D7A-4C6C-8FA6-807DDA401287}.Debug|Any CPU.Build.0 = Debug|Any CPU
		{84E23AA9-7D7A-4C6C-8FA6-807DDA401287}.Release|Any CPU.ActiveCfg = Release|Any CPU
		{84E23AA9-7D7A-4C6C-8FA6-807DDA401287}.Release|Any CPU.Build.0 = Release|Any CPU
		{62EDB450-6E89-4D47-81FB-ACA607DB2043}.Debug|Any CPU.ActiveCfg = Debug|Any CPU
		{62EDB450-6E89-4D47-81FB-ACA607DB2043}.Debug|Any CPU.Build.0 = Debug|Any CPU
		{62EDB450-6E89-4D47-81FB-ACA607DB2043}.Release|Any CPU.ActiveCfg = Release|Any CPU
		{62EDB450-6E89-4D47-81FB-ACA607DB2043}.Release|Any CPU.Build.0 = Release|Any CPU
		{69EEAA40-A303-4401-87FA-F9B7B4F435B1}.Debug|Any CPU.ActiveCfg = Debug|Any CPU
		{69EEAA40-A303-4401-87FA-F9B7B4F435B1}.Debug|Any CPU.Build.0 = Debug|Any CPU
		{69EEAA40-A303-4401-87FA-F9B7B4F435B1}.Release|Any CPU.ActiveCfg = Release|Any CPU
		{69EEAA40-A303-4401-87FA-F9B7B4F435B1}.Release|Any CPU.Build.0 = Release|Any CPU
		{3B24F938-C7C7-4578-B570-22A4B7F41275}.Debug|Any CPU.ActiveCfg = Debug|Any CPU
		{3B24F938-C7C7-4578-B570-22A4B7F41275}.Debug|Any CPU.Build.0 = Debug|Any CPU
		{3B24F938-C7C7-4578-B570-22A4B7F41275}.Release|Any CPU.ActiveCfg = Release|Any CPU
		{3B24F938-C7C7-4578-B570-22A4B7F41275}.Release|Any CPU.Build.0 = Release|Any CPU
		{DCDD9D50-0326-4983-91A3-F49B0FC32194}.Debug|Any CPU.ActiveCfg = Debug|Any CPU
		{DCDD9D50-0326-4983-91A3-F49B0FC32194}.Debug|Any CPU.Build.0 = Debug|Any CPU
		{DCDD9D50-0326-4983-91A3-F49B0FC32194}.Release|Any CPU.ActiveCfg = Release|Any CPU
		{DCDD9D50-0326-4983-91A3-F49B0FC32194}.Release|Any CPU.Build.0 = Release|Any CPU
		{A5A99CED-8DFC-437C-928A-B3BC75BC98A6}.Debug|Any CPU.ActiveCfg = Debug|Any CPU
		{A5A99CED-8DFC-437C-928A-B3BC75BC98A6}.Debug|Any CPU.Build.0 = Debug|Any CPU
		{A5A99CED-8DFC-437C-928A-B3BC75BC98A6}.Release|Any CPU.ActiveCfg = Release|Any CPU
		{A5A99CED-8DFC-437C-928A-B3BC75BC98A6}.Release|Any CPU.Build.0 = Release|Any CPU
		{B2D8D0CA-02F5-4075-82EE-4E781E5DE932}.Debug|Any CPU.ActiveCfg = Debug|Any CPU
		{B2D8D0CA-02F5-4075-82EE-4E781E5DE932}.Debug|Any CPU.Build.0 = Debug|Any CPU
		{B2D8D0CA-02F5-4075-82EE-4E781E5DE932}.Release|Any CPU.ActiveCfg = Release|Any CPU
		{B2D8D0CA-02F5-4075-82EE-4E781E5DE932}.Release|Any CPU.Build.0 = Release|Any CPU
		{5C65FA64-C5D5-40BC-8F4E-BAB02E7D5A71}.Debug|Any CPU.ActiveCfg = Debug|Any CPU
		{5C65FA64-C5D5-40BC-8F4E-BAB02E7D5A71}.Debug|Any CPU.Build.0 = Debug|Any CPU
		{5C65FA64-C5D5-40BC-8F4E-BAB02E7D5A71}.Release|Any CPU.ActiveCfg = Release|Any CPU
		{5C65FA64-C5D5-40BC-8F4E-BAB02E7D5A71}.Release|Any CPU.Build.0 = Release|Any CPU
		{4B6BA93E-4A34-4664-9C7C-EEFD5AA1367C}.Debug|Any CPU.ActiveCfg = Debug|Any CPU
		{4B6BA93E-4A34-4664-9C7C-EEFD5AA1367C}.Debug|Any CPU.Build.0 = Debug|Any CPU
		{4B6BA93E-4A34-4664-9C7C-EEFD5AA1367C}.Release|Any CPU.ActiveCfg = Release|Any CPU
		{4B6BA93E-4A34-4664-9C7C-EEFD5AA1367C}.Release|Any CPU.Build.0 = Release|Any CPU
		{E5D50A22-B310-4152-9797-C7D157F4CB48}.Debug|Any CPU.ActiveCfg = Debug|Any CPU
		{E5D50A22-B310-4152-9797-C7D157F4CB48}.Debug|Any CPU.Build.0 = Debug|Any CPU
		{E5D50A22-B310-4152-9797-C7D157F4CB48}.Release|Any CPU.ActiveCfg = Release|Any CPU
		{E5D50A22-B310-4152-9797-C7D157F4CB48}.Release|Any CPU.Build.0 = Release|Any CPU
		{A6206B16-4987-40DB-9B20-C9CEFBEA96E7}.Debug|Any CPU.ActiveCfg = Debug|Any CPU
		{A6206B16-4987-40DB-9B20-C9CEFBEA96E7}.Debug|Any CPU.Build.0 = Debug|Any CPU
		{A6206B16-4987-40DB-9B20-C9CEFBEA96E7}.Release|Any CPU.ActiveCfg = Release|Any CPU
		{A6206B16-4987-40DB-9B20-C9CEFBEA96E7}.Release|Any CPU.Build.0 = Release|Any CPU
		{12341C6C-0B23-4280-9530-EE9470B755E4}.Debug|Any CPU.ActiveCfg = Debug|Any CPU
		{12341C6C-0B23-4280-9530-EE9470B755E4}.Debug|Any CPU.Build.0 = Debug|Any CPU
		{12341C6C-0B23-4280-9530-EE9470B755E4}.Release|Any CPU.ActiveCfg = Release|Any CPU
		{12341C6C-0B23-4280-9530-EE9470B755E4}.Release|Any CPU.Build.0 = Release|Any CPU
		{EFEBCF45-649A-4A7A-BEA0-0AED8FA1BDB4}.Debug|Any CPU.ActiveCfg = Debug|Any CPU
		{EFEBCF45-649A-4A7A-BEA0-0AED8FA1BDB4}.Debug|Any CPU.Build.0 = Debug|Any CPU
		{EFEBCF45-649A-4A7A-BEA0-0AED8FA1BDB4}.Release|Any CPU.ActiveCfg = Release|Any CPU
		{EFEBCF45-649A-4A7A-BEA0-0AED8FA1BDB4}.Release|Any CPU.Build.0 = Release|Any CPU
		{8E3204FC-9AB3-4539-AC12-06999A032C4E}.Debug|Any CPU.ActiveCfg = Debug|Any CPU
		{8E3204FC-9AB3-4539-AC12-06999A032C4E}.Debug|Any CPU.Build.0 = Debug|Any CPU
		{8E3204FC-9AB3-4539-AC12-06999A032C4E}.Release|Any CPU.ActiveCfg = Release|Any CPU
		{8E3204FC-9AB3-4539-AC12-06999A032C4E}.Release|Any CPU.Build.0 = Release|Any CPU
		{5F28F55F-BD73-4078-82E9-9AD4C836D38C}.Debug|Any CPU.ActiveCfg = Debug|Any CPU
		{5F28F55F-BD73-4078-82E9-9AD4C836D38C}.Debug|Any CPU.Build.0 = Debug|Any CPU
		{5F28F55F-BD73-4078-82E9-9AD4C836D38C}.Release|Any CPU.ActiveCfg = Release|Any CPU
		{5F28F55F-BD73-4078-82E9-9AD4C836D38C}.Release|Any CPU.Build.0 = Release|Any CPU
		{14881A2B-FC3A-4828-8774-B6C6CB45BF92}.Debug|Any CPU.ActiveCfg = Debug|Any CPU
		{14881A2B-FC3A-4828-8774-B6C6CB45BF92}.Debug|Any CPU.Build.0 = Debug|Any CPU
		{14881A2B-FC3A-4828-8774-B6C6CB45BF92}.Release|Any CPU.ActiveCfg = Release|Any CPU
		{14881A2B-FC3A-4828-8774-B6C6CB45BF92}.Release|Any CPU.Build.0 = Release|Any CPU
		{35C116C8-BB0E-49D9-A397-5EB40F2341D5}.Debug|Any CPU.ActiveCfg = Debug|Any CPU
		{35C116C8-BB0E-49D9-A397-5EB40F2341D5}.Debug|Any CPU.Build.0 = Debug|Any CPU
		{35C116C8-BB0E-49D9-A397-5EB40F2341D5}.Release|Any CPU.ActiveCfg = Release|Any CPU
		{35C116C8-BB0E-49D9-A397-5EB40F2341D5}.Release|Any CPU.Build.0 = Release|Any CPU
		{BE4E0A19-85F1-4102-A441-F7694F808872}.Debug|Any CPU.ActiveCfg = Debug|Any CPU
		{BE4E0A19-85F1-4102-A441-F7694F808872}.Debug|Any CPU.Build.0 = Debug|Any CPU
		{BE4E0A19-85F1-4102-A441-F7694F808872}.Release|Any CPU.ActiveCfg = Release|Any CPU
		{BE4E0A19-85F1-4102-A441-F7694F808872}.Release|Any CPU.Build.0 = Release|Any CPU
		{387586C4-8111-4B62-A9AE-6059C0975654}.Debug|Any CPU.ActiveCfg = Debug|Any CPU
		{387586C4-8111-4B62-A9AE-6059C0975654}.Debug|Any CPU.Build.0 = Debug|Any CPU
		{387586C4-8111-4B62-A9AE-6059C0975654}.Release|Any CPU.ActiveCfg = Release|Any CPU
		{387586C4-8111-4B62-A9AE-6059C0975654}.Release|Any CPU.Build.0 = Release|Any CPU
		{7C79A716-ABFE-41EB-A191-4675474E06BE}.Debug|Any CPU.ActiveCfg = Debug|Any CPU
		{7C79A716-ABFE-41EB-A191-4675474E06BE}.Debug|Any CPU.Build.0 = Debug|Any CPU
		{7C79A716-ABFE-41EB-A191-4675474E06BE}.Release|Any CPU.ActiveCfg = Release|Any CPU
		{7C79A716-ABFE-41EB-A191-4675474E06BE}.Release|Any CPU.Build.0 = Release|Any CPU
		{C9A7B06B-F641-47C5-93DC-32B9B16DC78B}.Debug|Any CPU.ActiveCfg = Debug|Any CPU
		{C9A7B06B-F641-47C5-93DC-32B9B16DC78B}.Debug|Any CPU.Build.0 = Debug|Any CPU
		{C9A7B06B-F641-47C5-93DC-32B9B16DC78B}.Release|Any CPU.ActiveCfg = Release|Any CPU
		{C9A7B06B-F641-47C5-93DC-32B9B16DC78B}.Release|Any CPU.Build.0 = Release|Any CPU
		{E3896A34-7F79-484F-8879-B993466686C3}.Debug|Any CPU.ActiveCfg = Debug|Any CPU
		{E3896A34-7F79-484F-8879-B993466686C3}.Debug|Any CPU.Build.0 = Debug|Any CPU
		{E3896A34-7F79-484F-8879-B993466686C3}.Release|Any CPU.ActiveCfg = Release|Any CPU
		{E3896A34-7F79-484F-8879-B993466686C3}.Release|Any CPU.Build.0 = Release|Any CPU
		{2F8D1F6B-F27F-43DB-A75D-266BE62166F7}.Debug|Any CPU.ActiveCfg = Debug|Any CPU
		{2F8D1F6B-F27F-43DB-A75D-266BE62166F7}.Debug|Any CPU.Build.0 = Debug|Any CPU
		{2F8D1F6B-F27F-43DB-A75D-266BE62166F7}.Release|Any CPU.ActiveCfg = Release|Any CPU
		{2F8D1F6B-F27F-43DB-A75D-266BE62166F7}.Release|Any CPU.Build.0 = Release|Any CPU
		{5B13404B-C05B-4A56-A90D-574A58DD32D5}.Debug|Any CPU.ActiveCfg = Debug|Any CPU
		{5B13404B-C05B-4A56-A90D-574A58DD32D5}.Debug|Any CPU.Build.0 = Debug|Any CPU
		{5B13404B-C05B-4A56-A90D-574A58DD32D5}.Release|Any CPU.ActiveCfg = Release|Any CPU
		{5B13404B-C05B-4A56-A90D-574A58DD32D5}.Release|Any CPU.Build.0 = Release|Any CPU
		{2CA91E30-9EC4-425B-BC41-D1C76480C249}.Debug|Any CPU.ActiveCfg = Debug|Any CPU
		{2CA91E30-9EC4-425B-BC41-D1C76480C249}.Debug|Any CPU.Build.0 = Debug|Any CPU
		{2CA91E30-9EC4-425B-BC41-D1C76480C249}.Release|Any CPU.ActiveCfg = Release|Any CPU
		{2CA91E30-9EC4-425B-BC41-D1C76480C249}.Release|Any CPU.Build.0 = Release|Any CPU
		{9E8925F9-2486-4A7E-B621-25B1329DAA24}.Debug|Any CPU.ActiveCfg = Debug|Any CPU
		{9E8925F9-2486-4A7E-B621-25B1329DAA24}.Debug|Any CPU.Build.0 = Debug|Any CPU
		{9E8925F9-2486-4A7E-B621-25B1329DAA24}.Release|Any CPU.ActiveCfg = Release|Any CPU
		{9E8925F9-2486-4A7E-B621-25B1329DAA24}.Release|Any CPU.Build.0 = Release|Any CPU
		{12620C91-80C8-40CF-882B-2E3FB5AF614E}.Debug|Any CPU.ActiveCfg = Debug|Any CPU
		{12620C91-80C8-40CF-882B-2E3FB5AF614E}.Debug|Any CPU.Build.0 = Debug|Any CPU
		{12620C91-80C8-40CF-882B-2E3FB5AF614E}.Release|Any CPU.ActiveCfg = Release|Any CPU
		{12620C91-80C8-40CF-882B-2E3FB5AF614E}.Release|Any CPU.Build.0 = Release|Any CPU
		{5030B5FB-B7AD-4699-8359-782B9DE7AE5B}.Debug|Any CPU.ActiveCfg = Debug|Any CPU
		{5030B5FB-B7AD-4699-8359-782B9DE7AE5B}.Debug|Any CPU.Build.0 = Debug|Any CPU
		{5030B5FB-B7AD-4699-8359-782B9DE7AE5B}.Release|Any CPU.ActiveCfg = Release|Any CPU
		{5030B5FB-B7AD-4699-8359-782B9DE7AE5B}.Release|Any CPU.Build.0 = Release|Any CPU
		{ECFE86B3-69E4-4403-8865-05EDA53431C5}.Debug|Any CPU.ActiveCfg = Debug|Any CPU
		{ECFE86B3-69E4-4403-8865-05EDA53431C5}.Debug|Any CPU.Build.0 = Debug|Any CPU
		{ECFE86B3-69E4-4403-8865-05EDA53431C5}.Release|Any CPU.ActiveCfg = Release|Any CPU
		{ECFE86B3-69E4-4403-8865-05EDA53431C5}.Release|Any CPU.Build.0 = Release|Any CPU
		{2CFD77C7-C485-464D-A9B1-B6995209EE60}.Debug|Any CPU.ActiveCfg = Debug|Any CPU
		{2CFD77C7-C485-464D-A9B1-B6995209EE60}.Debug|Any CPU.Build.0 = Debug|Any CPU
		{2CFD77C7-C485-464D-A9B1-B6995209EE60}.Release|Any CPU.ActiveCfg = Release|Any CPU
		{2CFD77C7-C485-464D-A9B1-B6995209EE60}.Release|Any CPU.Build.0 = Release|Any CPU
		{87A3761D-45B3-4269-9E9D-E274D469B22F}.Debug|Any CPU.ActiveCfg = Debug|Any CPU
		{87A3761D-45B3-4269-9E9D-E274D469B22F}.Debug|Any CPU.Build.0 = Debug|Any CPU
		{87A3761D-45B3-4269-9E9D-E274D469B22F}.Release|Any CPU.ActiveCfg = Release|Any CPU
		{87A3761D-45B3-4269-9E9D-E274D469B22F}.Release|Any CPU.Build.0 = Release|Any CPU
		{C6B0DD26-595C-4DB5-964E-4999B99C0BD8}.Debug|Any CPU.ActiveCfg = Debug|Any CPU
		{C6B0DD26-595C-4DB5-964E-4999B99C0BD8}.Debug|Any CPU.Build.0 = Debug|Any CPU
		{C6B0DD26-595C-4DB5-964E-4999B99C0BD8}.Release|Any CPU.ActiveCfg = Release|Any CPU
		{C6B0DD26-595C-4DB5-964E-4999B99C0BD8}.Release|Any CPU.Build.0 = Release|Any CPU
		{18CBC5E5-7E45-44BC-908B-BD4487D9FA47}.Debug|Any CPU.ActiveCfg = Debug|Any CPU
		{18CBC5E5-7E45-44BC-908B-BD4487D9FA47}.Debug|Any CPU.Build.0 = Debug|Any CPU
		{18CBC5E5-7E45-44BC-908B-BD4487D9FA47}.Release|Any CPU.ActiveCfg = Release|Any CPU
		{18CBC5E5-7E45-44BC-908B-BD4487D9FA47}.Release|Any CPU.Build.0 = Release|Any CPU
		{81307693-1CFE-4D41-BD15-38B3F5A8CBE7}.Debug|Any CPU.ActiveCfg = Debug|Any CPU
		{81307693-1CFE-4D41-BD15-38B3F5A8CBE7}.Debug|Any CPU.Build.0 = Debug|Any CPU
		{81307693-1CFE-4D41-BD15-38B3F5A8CBE7}.Release|Any CPU.ActiveCfg = Release|Any CPU
		{81307693-1CFE-4D41-BD15-38B3F5A8CBE7}.Release|Any CPU.Build.0 = Release|Any CPU
		{3582D9F4-B048-431E-8EA6-01BCE0ACF87A}.Debug|Any CPU.ActiveCfg = Debug|Any CPU
		{3582D9F4-B048-431E-8EA6-01BCE0ACF87A}.Debug|Any CPU.Build.0 = Debug|Any CPU
		{3582D9F4-B048-431E-8EA6-01BCE0ACF87A}.Release|Any CPU.ActiveCfg = Release|Any CPU
		{3582D9F4-B048-431E-8EA6-01BCE0ACF87A}.Release|Any CPU.Build.0 = Release|Any CPU
		{AF18182B-8FD3-40EC-8B36-FCB991F28931}.Debug|Any CPU.ActiveCfg = Debug|Any CPU
		{AF18182B-8FD3-40EC-8B36-FCB991F28931}.Debug|Any CPU.Build.0 = Debug|Any CPU
		{AF18182B-8FD3-40EC-8B36-FCB991F28931}.Release|Any CPU.ActiveCfg = Release|Any CPU
		{AF18182B-8FD3-40EC-8B36-FCB991F28931}.Release|Any CPU.Build.0 = Release|Any CPU
		{854FEC16-4E42-4CDF-B65B-8F80E1EB0DE6}.Debug|Any CPU.ActiveCfg = Debug|Any CPU
		{854FEC16-4E42-4CDF-B65B-8F80E1EB0DE6}.Debug|Any CPU.Build.0 = Debug|Any CPU
		{854FEC16-4E42-4CDF-B65B-8F80E1EB0DE6}.Release|Any CPU.ActiveCfg = Release|Any CPU
		{854FEC16-4E42-4CDF-B65B-8F80E1EB0DE6}.Release|Any CPU.Build.0 = Release|Any CPU
		{AA26E3CF-E423-4DAA-BF79-F36430B4B8EB}.Debug|Any CPU.ActiveCfg = Debug|Any CPU
		{AA26E3CF-E423-4DAA-BF79-F36430B4B8EB}.Debug|Any CPU.Build.0 = Debug|Any CPU
		{AA26E3CF-E423-4DAA-BF79-F36430B4B8EB}.Release|Any CPU.ActiveCfg = Release|Any CPU
		{AA26E3CF-E423-4DAA-BF79-F36430B4B8EB}.Release|Any CPU.Build.0 = Release|Any CPU
		{E4641E92-B916-4A91-A663-B3515D292D40}.Debug|Any CPU.ActiveCfg = Debug|Any CPU
		{E4641E92-B916-4A91-A663-B3515D292D40}.Debug|Any CPU.Build.0 = Debug|Any CPU
		{E4641E92-B916-4A91-A663-B3515D292D40}.Release|Any CPU.ActiveCfg = Release|Any CPU
		{E4641E92-B916-4A91-A663-B3515D292D40}.Release|Any CPU.Build.0 = Release|Any CPU
		{54E69FA9-08E9-4DE9-9C6A-723714E3E94A}.Debug|Any CPU.ActiveCfg = Debug|Any CPU
		{54E69FA9-08E9-4DE9-9C6A-723714E3E94A}.Debug|Any CPU.Build.0 = Debug|Any CPU
		{54E69FA9-08E9-4DE9-9C6A-723714E3E94A}.Release|Any CPU.ActiveCfg = Release|Any CPU
		{54E69FA9-08E9-4DE9-9C6A-723714E3E94A}.Release|Any CPU.Build.0 = Release|Any CPU
	EndGlobalSection
	GlobalSection(SolutionProperties) = preSolution
		HideSolutionNode = FALSE
	EndGlobalSection
	GlobalSection(NestedProjects) = preSolution
		{01167D3C-49C4-4CDE-9787-C176D139ACDD} = {40B47CC9-EAE8-4E7A-A53D-C1F750E29FB7}
		{588C1513-FAB6-42C3-B6FC-3485F13620CF} = {40B47CC9-EAE8-4E7A-A53D-C1F750E29FB7}
		{7625FD95-4B2C-4A5B-BDD5-94B1493FAC8E} = {588C1513-FAB6-42C3-B6FC-3485F13620CF}
		{264C22A4-CAFC-41F6-B82C-4DDC5C196767} = {588C1513-FAB6-42C3-B6FC-3485F13620CF}
		{0E55F1F8-E212-43D7-A0C0-ACEA9794B0D7} = {588C1513-FAB6-42C3-B6FC-3485F13620CF}
		{76F58DC4-19F1-43EF-A6E2-EC1CC8395AC5} = {588C1513-FAB6-42C3-B6FC-3485F13620CF}
		{48845655-5E60-40AB-A798-F118CC1CF510} = {588C1513-FAB6-42C3-B6FC-3485F13620CF}
		{A85BEFFB-20AA-4AC6-97FA-CB0C4067B2DA} = {01167D3C-49C4-4CDE-9787-C176D139ACDD}
		{4C80D280-208E-437C-9EF6-3CEACF2597E4} = {01167D3C-49C4-4CDE-9787-C176D139ACDD}
		{98D8E615-575F-483C-8C01-E92F5DA437F4} = {01167D3C-49C4-4CDE-9787-C176D139ACDD}
		{0F1BDEF0-2658-4616-892B-EA7AB0A82EA6} = {01167D3C-49C4-4CDE-9787-C176D139ACDD}
		{9F3332CB-CF59-4A2C-856F-D79D0947A11B} = {01167D3C-49C4-4CDE-9787-C176D139ACDD}
		{E9A53E3A-273D-45A6-AEED-E43FC7B122E6} = {01167D3C-49C4-4CDE-9787-C176D139ACDD}
		{07A2D91B-A389-4899-B833-BF4A86877CD9} = {7625FD95-4B2C-4A5B-BDD5-94B1493FAC8E}
		{05250A76-113F-4224-B4F0-1CB10CB1D921} = {7625FD95-4B2C-4A5B-BDD5-94B1493FAC8E}
		{10B5B6D4-F591-44E8-B7D8-B12304AE95FC} = {01167D3C-49C4-4CDE-9787-C176D139ACDD}
		{F85E47E4-7D59-46F4-A085-E4AB03CC7C9F} = {01167D3C-49C4-4CDE-9787-C176D139ACDD}
		{35832D46-A2E1-44F1-BE15-C9AC184F9003} = {01167D3C-49C4-4CDE-9787-C176D139ACDD}
		{FF923522-D37D-4A27-9966-2475659A2923} = {01167D3C-49C4-4CDE-9787-C176D139ACDD}
		{3427AD7A-98A8-48F4-A721-D55D6DC1877D} = {01167D3C-49C4-4CDE-9787-C176D139ACDD}
		{14947A2F-EB68-41E4-814F-143041DA6D77} = {0E55F1F8-E212-43D7-A0C0-ACEA9794B0D7}
		{07E46A9B-FEFF-481F-946E-13E2C9E0F30C} = {0E55F1F8-E212-43D7-A0C0-ACEA9794B0D7}
		{66C6E437-62B6-4D86-8CB7-93A438FB6573} = {82EF0321-2BFA-4E09-A2E2-E0B143A238DE}
		{E2A62B97-46A8-4089-B920-F50CFDDEE392} = {01167D3C-49C4-4CDE-9787-C176D139ACDD}
		{16BADBC0-B1EC-435B-9753-782AB53F2515} = {82EF0321-2BFA-4E09-A2E2-E0B143A238DE}
		{E93E2420-B5CA-492D-8E88-D58ECBB4D187} = {48845655-5E60-40AB-A798-F118CC1CF510}
		{5C69AD89-DEAA-44BC-B3ED-E801D67847EF} = {48845655-5E60-40AB-A798-F118CC1CF510}
		{4CBB034F-9AD0-4D45-82B2-7DEAFFF78B35} = {76F58DC4-19F1-43EF-A6E2-EC1CC8395AC5}
		{F53C76EE-3E94-4198-8367-740B7BA40CCC} = {76F58DC4-19F1-43EF-A6E2-EC1CC8395AC5}
		{DAE095BB-92C3-47FB-ABAF-C32D96E4228B} = {76F58DC4-19F1-43EF-A6E2-EC1CC8395AC5}
		{96C38C58-8C89-4EB6-A4AA-D9907B71CF59} = {264C22A4-CAFC-41F6-B82C-4DDC5C196767}
		{05249FBD-B2A7-457D-8483-9F7D179BEB12} = {264C22A4-CAFC-41F6-B82C-4DDC5C196767}
		{0D4567C5-665C-46C4-9266-DB78E311012B} = {264C22A4-CAFC-41F6-B82C-4DDC5C196767}
		{1BF88901-CC6D-4878-A5E4-A796F9401091} = {264C22A4-CAFC-41F6-B82C-4DDC5C196767}
		{20EFCF72-8D8A-4E1C-89CE-D2C0F73707B6} = {82EF0321-2BFA-4E09-A2E2-E0B143A238DE}
		{DBBAF24B-C6E5-4D3E-B3F1-D0AF5ED74C7B} = {82EF0321-2BFA-4E09-A2E2-E0B143A238DE}
		{2205D490-53C4-457F-8EA1-F62FBCE340A0} = {82EF0321-2BFA-4E09-A2E2-E0B143A238DE}
		{84E23AA9-7D7A-4C6C-8FA6-807DDA401287} = {82EF0321-2BFA-4E09-A2E2-E0B143A238DE}
		{62EDB450-6E89-4D47-81FB-ACA607DB2043} = {82EF0321-2BFA-4E09-A2E2-E0B143A238DE}
		{69EEAA40-A303-4401-87FA-F9B7B4F435B1} = {82EF0321-2BFA-4E09-A2E2-E0B143A238DE}
		{3B24F938-C7C7-4578-B570-22A4B7F41275} = {82EF0321-2BFA-4E09-A2E2-E0B143A238DE}
		{DCDD9D50-0326-4983-91A3-F49B0FC32194} = {82EF0321-2BFA-4E09-A2E2-E0B143A238DE}
		{A5A99CED-8DFC-437C-928A-B3BC75BC98A6} = {82EF0321-2BFA-4E09-A2E2-E0B143A238DE}
		{B2D8D0CA-02F5-4075-82EE-4E781E5DE932} = {82EF0321-2BFA-4E09-A2E2-E0B143A238DE}
		{5C65FA64-C5D5-40BC-8F4E-BAB02E7D5A71} = {82EF0321-2BFA-4E09-A2E2-E0B143A238DE}
		{4B6BA93E-4A34-4664-9C7C-EEFD5AA1367C} = {82EF0321-2BFA-4E09-A2E2-E0B143A238DE}
		{E5D50A22-B310-4152-9797-C7D157F4CB48} = {73108242-625A-4D7B-AA09-63375DBAE464}
		{A6206B16-4987-40DB-9B20-C9CEFBEA96E7} = {82EF0321-2BFA-4E09-A2E2-E0B143A238DE}
		{12341C6C-0B23-4280-9530-EE9470B755E4} = {82EF0321-2BFA-4E09-A2E2-E0B143A238DE}
		{EFEBCF45-649A-4A7A-BEA0-0AED8FA1BDB4} = {82EF0321-2BFA-4E09-A2E2-E0B143A238DE}
		{8E3204FC-9AB3-4539-AC12-06999A032C4E} = {82EF0321-2BFA-4E09-A2E2-E0B143A238DE}
		{5F28F55F-BD73-4078-82E9-9AD4C836D38C} = {82EF0321-2BFA-4E09-A2E2-E0B143A238DE}
		{14881A2B-FC3A-4828-8774-B6C6CB45BF92} = {73108242-625A-4D7B-AA09-63375DBAE464}
		{35C116C8-BB0E-49D9-A397-5EB40F2341D5} = {73108242-625A-4D7B-AA09-63375DBAE464}
		{BE4E0A19-85F1-4102-A441-F7694F808872} = {73108242-625A-4D7B-AA09-63375DBAE464}
		{387586C4-8111-4B62-A9AE-6059C0975654} = {82EF0321-2BFA-4E09-A2E2-E0B143A238DE}
		{7C79A716-ABFE-41EB-A191-4675474E06BE} = {D3AF8295-AEB5-4324-AA82-FCC0014AC310}
		{C9A7B06B-F641-47C5-93DC-32B9B16DC78B} = {D3AF8295-AEB5-4324-AA82-FCC0014AC310}
		{E3896A34-7F79-484F-8879-B993466686C3} = {D3AF8295-AEB5-4324-AA82-FCC0014AC310}
		{2F8D1F6B-F27F-43DB-A75D-266BE62166F7} = {48845655-5E60-40AB-A798-F118CC1CF510}
		{5B13404B-C05B-4A56-A90D-574A58DD32D5} = {82EF0321-2BFA-4E09-A2E2-E0B143A238DE}
		{2CA91E30-9EC4-425B-BC41-D1C76480C249} = {82EF0321-2BFA-4E09-A2E2-E0B143A238DE}
		{D860E6CB-0A3B-4FD0-8A2A-82512374F84C} = {588C1513-FAB6-42C3-B6FC-3485F13620CF}
		{9E8925F9-2486-4A7E-B621-25B1329DAA24} = {D860E6CB-0A3B-4FD0-8A2A-82512374F84C}
		{12620C91-80C8-40CF-882B-2E3FB5AF614E} = {D860E6CB-0A3B-4FD0-8A2A-82512374F84C}
		{5030B5FB-B7AD-4699-8359-782B9DE7AE5B} = {264C22A4-CAFC-41F6-B82C-4DDC5C196767}
		{ECFE86B3-69E4-4403-8865-05EDA53431C5} = {82EF0321-2BFA-4E09-A2E2-E0B143A238DE}
		{C6810336-4365-4413-A93E-A10DE0051170} = {40B47CC9-EAE8-4E7A-A53D-C1F750E29FB7}
		{2CFD77C7-C485-464D-A9B1-B6995209EE60} = {C6810336-4365-4413-A93E-A10DE0051170}
		{87A3761D-45B3-4269-9E9D-E274D469B22F} = {C6810336-4365-4413-A93E-A10DE0051170}
		{C6B0DD26-595C-4DB5-964E-4999B99C0BD8} = {C6810336-4365-4413-A93E-A10DE0051170}
		{18CBC5E5-7E45-44BC-908B-BD4487D9FA47} = {82EF0321-2BFA-4E09-A2E2-E0B143A238DE}
		{81307693-1CFE-4D41-BD15-38B3F5A8CBE7} = {0E55F1F8-E212-43D7-A0C0-ACEA9794B0D7}
		{3582D9F4-B048-431E-8EA6-01BCE0ACF87A} = {82EF0321-2BFA-4E09-A2E2-E0B143A238DE}
		{29CCF3CA-93F9-4ACC-8672-2D74C35F7406} = {588C1513-FAB6-42C3-B6FC-3485F13620CF}
		{AF18182B-8FD3-40EC-8B36-FCB991F28931} = {264C22A4-CAFC-41F6-B82C-4DDC5C196767}
		{8DBB7DC8-2B90-4A8C-A60D-D41466174BDE} = {E71D61B4-AF27-49E2-878D-7C0CF0163937}
		{854FEC16-4E42-4CDF-B65B-8F80E1EB0DE6} = {662A0C76-9131-435F-B77A-05C43CEEA8CF}
		{AA26E3CF-E423-4DAA-BF79-F36430B4B8EB} = {82EF0321-2BFA-4E09-A2E2-E0B143A238DE}
		{E4641E92-B916-4A91-A663-B3515D292D40} = {0E55F1F8-E212-43D7-A0C0-ACEA9794B0D7}
		{54E69FA9-08E9-4DE9-9C6A-723714E3E94A} = {73108242-625A-4D7B-AA09-63375DBAE464}
	EndGlobalSection
	GlobalSection(ExtensibilityGlobals) = postSolution
		SolutionGuid = {03AD8E21-7507-4E68-A4E9-F4A7E7273164}
	EndGlobalSection
EndGlobal
