
Microsoft Visual Studio Solution File, Format Version 12.00
# Visual Studio Version 16
VisualStudioVersion = 16.0.30309.148
MinimumVisualStudioVersion = 10.0.40219.1
Project("{2150E333-8FDC-42A3-9474-1A3956D46DE8}") = "src", "src", "{40B47CC9-EAE8-4E7A-A53D-C1F750E29FB7}"
	ProjectSection(SolutionItems) = preProject
		src\Directory.Build.props = src\Directory.Build.props
	EndProjectSection
EndProject
Project("{9A19103F-16F7-4668-BE54-9A1E7A4F7556}") = "Akka", "src\Akka\Akka.csproj", "{A85BEFFB-20AA-4AC6-97FA-CB0C4067B2DA}"
EndProject
Project("{9A19103F-16F7-4668-BE54-9A1E7A4F7556}") = "Akka.Remote", "src\Akka.Remote\Akka.Remote.csproj", "{4C80D280-208E-437C-9EF6-3CEACF2597E4}"
EndProject
Project("{2150E333-8FDC-42A3-9474-1A3956D46DE8}") = "Solution Items", "Solution Items", "{A21675C8-61E0-413F-99FF-CF26BABF2E85}"
	ProjectSection(SolutionItems) = preProject
		clean.cmd = clean.cmd
		Dependencies.Akka.props = Dependencies.Akka.props
		Directory.Build.props = Directory.Build.props
		Directory.Build.targets = Directory.Build.targets
		Directory.Signed.props = Directory.Signed.props
		LICENSE = LICENSE
		NuGet.Config = NuGet.Config
		nuget.props = nuget.props
		version.props = version.props
	EndProjectSection
EndProject
Project("{2150E333-8FDC-42A3-9474-1A3956D46DE8}") = "benchmark", "benchmark", "{B605990A-4A3C-4A77-BB47-2C5DD9DE6E7C}"
EndProject
Project("{9A19103F-16F7-4668-BE54-9A1E7A4F7556}") = "RemotePingPong", "benchmark\RemotePingPong\RemotePingPong.csproj", "{90FD998B-EBB3-4A9F-86E3-193A3713AF85}"
EndProject
Project("{9A19103F-16F7-4668-BE54-9A1E7A4F7556}") = "PingPong", "benchmark\PingPong\PingPong.csproj", "{43B98A28-64EE-4445-9588-7CA102DFEDCF}"
EndProject
Project("{9A19103F-16F7-4668-BE54-9A1E7A4F7556}") = "Akka.Core", "src\Akka.Core\Akka.Core.csproj", "{7F2546D2-0FCD-497F-B6FE-36D9194986C6}"
EndProject
Project("{9A19103F-16F7-4668-BE54-9A1E7A4F7556}") = "Akka.TestKit", "src\Akka.TestKit\Akka.TestKit.csproj", "{ABF39DA4-4A6E-41E3-861C-D299A6269E7F}"
EndProject
Project("{9A19103F-16F7-4668-BE54-9A1E7A4F7556}") = "Akka.Cluster", "src\Akka.Cluster\Akka.Cluster.csproj", "{36CAE936-1A1A-4AA8-97B1-0F1731A8593D}"
EndProject
Project("{9A19103F-16F7-4668-BE54-9A1E7A4F7556}") = "Akka.Streams", "src\Akka.Streams\Akka.Streams.csproj", "{0C96285B-B334-4985-9FBF-8C0DCCB30967}"
EndProject
Project("{9A19103F-16F7-4668-BE54-9A1E7A4F7556}") = "Akka.Streams.TestKit", "src\Akka.Streams.TestKit\Akka.Streams.TestKit.csproj", "{15A6B5AB-1D1E-4590-96FD-821067904719}"
EndProject
Project("{2150E333-8FDC-42A3-9474-1A3956D46DE8}") = "test", "test", "{A12BC039-B8DF-45CC-9E2A-36769B00DB8D}"
EndProject
Project("{9A19103F-16F7-4668-BE54-9A1E7A4F7556}") = "Akka.Tests.Shared.Internals", "src\Akka.Tests.Shared.Internals\Akka.Tests.Shared.Internals.csproj", "{A1205A6D-7FE9-41A8-B5B0-D140D774511E}"
EndProject
Project("{9A19103F-16F7-4668-BE54-9A1E7A4F7556}") = "Akka.Streams.TestKit.Tests", "test\Akka.Streams.TestKit.Tests\Akka.Streams.TestKit.Tests.csproj", "{A730B063-C342-45DA-988F-C73AAB5AD06A}"
EndProject
Project("{9A19103F-16F7-4668-BE54-9A1E7A4F7556}") = "Akka.Streams.Tests", "test\Akka.Streams.Tests\Akka.Streams.Tests.csproj", "{B59A2D5C-3E18-4E05-9379-CB034B82D561}"
EndProject
Project("{9A19103F-16F7-4668-BE54-9A1E7A4F7556}") = "Akka.Cluster.Tests.Performance", "benchmark\Akka.Cluster.Tests.Performance\Akka.Cluster.Tests.Performance.csproj", "{1ABCC7BC-D9B8-47CE-BC6B-A7C8E8789D24}"
EndProject
Project("{9A19103F-16F7-4668-BE54-9A1E7A4F7556}") = "Akka.Remote.Tests.Performance", "benchmark\Akka.Remote.Tests.Performance\Akka.Remote.Tests.Performance.csproj", "{41C410ED-BCFF-4350-90C0-A504856BD549}"
EndProject
Project("{9A19103F-16F7-4668-BE54-9A1E7A4F7556}") = "Akka.Streams.Tests.Performance", "benchmark\Akka.Streams.Tests.Performance\Akka.Streams.Tests.Performance.csproj", "{43D79C9A-AC67-4474-8203-E80E70DF011C}"
EndProject
Project("{9A19103F-16F7-4668-BE54-9A1E7A4F7556}") = "Akka.Tests.Performance", "benchmark\Akka.Tests.Performance\Akka.Tests.Performance.csproj", "{F989871A-CBCA-4304-8484-E364F0076644}"
EndProject
Global
	GlobalSection(SolutionConfigurationPlatforms) = preSolution
		Debug|Any CPU = Debug|Any CPU
		Release|Any CPU = Release|Any CPU
	EndGlobalSection
	GlobalSection(ProjectConfigurationPlatforms) = postSolution
		{A85BEFFB-20AA-4AC6-97FA-CB0C4067B2DA}.Debug|Any CPU.ActiveCfg = Debug|Any CPU
		{A85BEFFB-20AA-4AC6-97FA-CB0C4067B2DA}.Debug|Any CPU.Build.0 = Debug|Any CPU
		{A85BEFFB-20AA-4AC6-97FA-CB0C4067B2DA}.Release|Any CPU.ActiveCfg = Release|Any CPU
		{A85BEFFB-20AA-4AC6-97FA-CB0C4067B2DA}.Release|Any CPU.Build.0 = Release|Any CPU
		{4C80D280-208E-437C-9EF6-3CEACF2597E4}.Debug|Any CPU.ActiveCfg = Debug|Any CPU
		{4C80D280-208E-437C-9EF6-3CEACF2597E4}.Debug|Any CPU.Build.0 = Debug|Any CPU
		{4C80D280-208E-437C-9EF6-3CEACF2597E4}.Release|Any CPU.ActiveCfg = Release|Any CPU
		{4C80D280-208E-437C-9EF6-3CEACF2597E4}.Release|Any CPU.Build.0 = Release|Any CPU
		{90FD998B-EBB3-4A9F-86E3-193A3713AF85}.Debug|Any CPU.ActiveCfg = Debug|Any CPU
		{90FD998B-EBB3-4A9F-86E3-193A3713AF85}.Debug|Any CPU.Build.0 = Debug|Any CPU
		{90FD998B-EBB3-4A9F-86E3-193A3713AF85}.Release|Any CPU.ActiveCfg = Release|Any CPU
		{90FD998B-EBB3-4A9F-86E3-193A3713AF85}.Release|Any CPU.Build.0 = Release|Any CPU
		{43B98A28-64EE-4445-9588-7CA102DFEDCF}.Debug|Any CPU.ActiveCfg = Debug|Any CPU
		{43B98A28-64EE-4445-9588-7CA102DFEDCF}.Debug|Any CPU.Build.0 = Debug|Any CPU
		{43B98A28-64EE-4445-9588-7CA102DFEDCF}.Release|Any CPU.ActiveCfg = Release|Any CPU
		{43B98A28-64EE-4445-9588-7CA102DFEDCF}.Release|Any CPU.Build.0 = Release|Any CPU
		{7F2546D2-0FCD-497F-B6FE-36D9194986C6}.Debug|Any CPU.ActiveCfg = Debug|Any CPU
		{7F2546D2-0FCD-497F-B6FE-36D9194986C6}.Debug|Any CPU.Build.0 = Debug|Any CPU
		{7F2546D2-0FCD-497F-B6FE-36D9194986C6}.Release|Any CPU.ActiveCfg = Release|Any CPU
		{7F2546D2-0FCD-497F-B6FE-36D9194986C6}.Release|Any CPU.Build.0 = Release|Any CPU
		{ABF39DA4-4A6E-41E3-861C-D299A6269E7F}.Debug|Any CPU.ActiveCfg = Debug|Any CPU
		{ABF39DA4-4A6E-41E3-861C-D299A6269E7F}.Debug|Any CPU.Build.0 = Debug|Any CPU
		{ABF39DA4-4A6E-41E3-861C-D299A6269E7F}.Release|Any CPU.ActiveCfg = Release|Any CPU
		{ABF39DA4-4A6E-41E3-861C-D299A6269E7F}.Release|Any CPU.Build.0 = Release|Any CPU
		{36CAE936-1A1A-4AA8-97B1-0F1731A8593D}.Debug|Any CPU.ActiveCfg = Debug|Any CPU
		{36CAE936-1A1A-4AA8-97B1-0F1731A8593D}.Debug|Any CPU.Build.0 = Debug|Any CPU
		{36CAE936-1A1A-4AA8-97B1-0F1731A8593D}.Release|Any CPU.ActiveCfg = Release|Any CPU
		{36CAE936-1A1A-4AA8-97B1-0F1731A8593D}.Release|Any CPU.Build.0 = Release|Any CPU
		{0C96285B-B334-4985-9FBF-8C0DCCB30967}.Debug|Any CPU.ActiveCfg = Debug|Any CPU
		{0C96285B-B334-4985-9FBF-8C0DCCB30967}.Debug|Any CPU.Build.0 = Debug|Any CPU
		{0C96285B-B334-4985-9FBF-8C0DCCB30967}.Release|Any CPU.ActiveCfg = Release|Any CPU
		{0C96285B-B334-4985-9FBF-8C0DCCB30967}.Release|Any CPU.Build.0 = Release|Any CPU
		{15A6B5AB-1D1E-4590-96FD-821067904719}.Debug|Any CPU.ActiveCfg = Debug|Any CPU
		{15A6B5AB-1D1E-4590-96FD-821067904719}.Debug|Any CPU.Build.0 = Debug|Any CPU
		{15A6B5AB-1D1E-4590-96FD-821067904719}.Release|Any CPU.ActiveCfg = Release|Any CPU
		{15A6B5AB-1D1E-4590-96FD-821067904719}.Release|Any CPU.Build.0 = Release|Any CPU
		{A1205A6D-7FE9-41A8-B5B0-D140D774511E}.Debug|Any CPU.ActiveCfg = Debug|Any CPU
		{A1205A6D-7FE9-41A8-B5B0-D140D774511E}.Debug|Any CPU.Build.0 = Debug|Any CPU
		{A1205A6D-7FE9-41A8-B5B0-D140D774511E}.Release|Any CPU.ActiveCfg = Release|Any CPU
		{A1205A6D-7FE9-41A8-B5B0-D140D774511E}.Release|Any CPU.Build.0 = Release|Any CPU
		{A730B063-C342-45DA-988F-C73AAB5AD06A}.Debug|Any CPU.ActiveCfg = Debug|Any CPU
		{A730B063-C342-45DA-988F-C73AAB5AD06A}.Debug|Any CPU.Build.0 = Debug|Any CPU
		{A730B063-C342-45DA-988F-C73AAB5AD06A}.Release|Any CPU.ActiveCfg = Release|Any CPU
		{A730B063-C342-45DA-988F-C73AAB5AD06A}.Release|Any CPU.Build.0 = Release|Any CPU
		{B59A2D5C-3E18-4E05-9379-CB034B82D561}.Debug|Any CPU.ActiveCfg = Debug|Any CPU
		{B59A2D5C-3E18-4E05-9379-CB034B82D561}.Debug|Any CPU.Build.0 = Debug|Any CPU
		{B59A2D5C-3E18-4E05-9379-CB034B82D561}.Release|Any CPU.ActiveCfg = Release|Any CPU
		{B59A2D5C-3E18-4E05-9379-CB034B82D561}.Release|Any CPU.Build.0 = Release|Any CPU
		{1ABCC7BC-D9B8-47CE-BC6B-A7C8E8789D24}.Debug|Any CPU.ActiveCfg = Debug|Any CPU
		{1ABCC7BC-D9B8-47CE-BC6B-A7C8E8789D24}.Debug|Any CPU.Build.0 = Debug|Any CPU
		{1ABCC7BC-D9B8-47CE-BC6B-A7C8E8789D24}.Release|Any CPU.ActiveCfg = Release|Any CPU
		{1ABCC7BC-D9B8-47CE-BC6B-A7C8E8789D24}.Release|Any CPU.Build.0 = Release|Any CPU
		{41C410ED-BCFF-4350-90C0-A504856BD549}.Debug|Any CPU.ActiveCfg = Debug|Any CPU
		{41C410ED-BCFF-4350-90C0-A504856BD549}.Debug|Any CPU.Build.0 = Debug|Any CPU
		{41C410ED-BCFF-4350-90C0-A504856BD549}.Release|Any CPU.ActiveCfg = Release|Any CPU
		{41C410ED-BCFF-4350-90C0-A504856BD549}.Release|Any CPU.Build.0 = Release|Any CPU
		{43D79C9A-AC67-4474-8203-E80E70DF011C}.Debug|Any CPU.ActiveCfg = Debug|Any CPU
		{43D79C9A-AC67-4474-8203-E80E70DF011C}.Debug|Any CPU.Build.0 = Debug|Any CPU
		{43D79C9A-AC67-4474-8203-E80E70DF011C}.Release|Any CPU.ActiveCfg = Release|Any CPU
		{43D79C9A-AC67-4474-8203-E80E70DF011C}.Release|Any CPU.Build.0 = Release|Any CPU
		{F989871A-CBCA-4304-8484-E364F0076644}.Debug|Any CPU.ActiveCfg = Debug|Any CPU
		{F989871A-CBCA-4304-8484-E364F0076644}.Debug|Any CPU.Build.0 = Debug|Any CPU
		{F989871A-CBCA-4304-8484-E364F0076644}.Release|Any CPU.ActiveCfg = Release|Any CPU
		{F989871A-CBCA-4304-8484-E364F0076644}.Release|Any CPU.Build.0 = Release|Any CPU
	EndGlobalSection
	GlobalSection(SolutionProperties) = preSolution
		HideSolutionNode = FALSE
	EndGlobalSection
	GlobalSection(NestedProjects) = preSolution
		{A85BEFFB-20AA-4AC6-97FA-CB0C4067B2DA} = {40B47CC9-EAE8-4E7A-A53D-C1F750E29FB7}
		{4C80D280-208E-437C-9EF6-3CEACF2597E4} = {40B47CC9-EAE8-4E7A-A53D-C1F750E29FB7}
		{90FD998B-EBB3-4A9F-86E3-193A3713AF85} = {B605990A-4A3C-4A77-BB47-2C5DD9DE6E7C}
		{43B98A28-64EE-4445-9588-7CA102DFEDCF} = {B605990A-4A3C-4A77-BB47-2C5DD9DE6E7C}
		{7F2546D2-0FCD-497F-B6FE-36D9194986C6} = {40B47CC9-EAE8-4E7A-A53D-C1F750E29FB7}
		{ABF39DA4-4A6E-41E3-861C-D299A6269E7F} = {40B47CC9-EAE8-4E7A-A53D-C1F750E29FB7}
		{36CAE936-1A1A-4AA8-97B1-0F1731A8593D} = {40B47CC9-EAE8-4E7A-A53D-C1F750E29FB7}
		{0C96285B-B334-4985-9FBF-8C0DCCB30967} = {40B47CC9-EAE8-4E7A-A53D-C1F750E29FB7}
		{15A6B5AB-1D1E-4590-96FD-821067904719} = {40B47CC9-EAE8-4E7A-A53D-C1F750E29FB7}
		{A1205A6D-7FE9-41A8-B5B0-D140D774511E} = {40B47CC9-EAE8-4E7A-A53D-C1F750E29FB7}
		{A730B063-C342-45DA-988F-C73AAB5AD06A} = {A12BC039-B8DF-45CC-9E2A-36769B00DB8D}
		{B59A2D5C-3E18-4E05-9379-CB034B82D561} = {A12BC039-B8DF-45CC-9E2A-36769B00DB8D}
		{1ABCC7BC-D9B8-47CE-BC6B-A7C8E8789D24} = {B605990A-4A3C-4A77-BB47-2C5DD9DE6E7C}
		{41C410ED-BCFF-4350-90C0-A504856BD549} = {B605990A-4A3C-4A77-BB47-2C5DD9DE6E7C}
		{43D79C9A-AC67-4474-8203-E80E70DF011C} = {B605990A-4A3C-4A77-BB47-2C5DD9DE6E7C}
		{F989871A-CBCA-4304-8484-E364F0076644} = {B605990A-4A3C-4A77-BB47-2C5DD9DE6E7C}
	EndGlobalSection
	GlobalSection(ExtensibilityGlobals) = postSolution
		SolutionGuid = {03AD8E21-7507-4E68-A4E9-F4A7E7273164}
	EndGlobalSection
EndGlobal
