
Microsoft Visual Studio Solution File, Format Version 12.00
# Visual Studio Version 16
VisualStudioVersion = 16.0.30413.136
MinimumVisualStudioVersion = 10.0.40219.1
Project("{2150E333-8FDC-42A3-9474-1A3956D46DE8}") = "Solution Items", "Solution Items", "{A21675C8-61E0-413F-99FF-CF26BABF2E85}"
	ProjectSection(SolutionItems) = preProject
		clean.cmd = clean.cmd
		Directory.Build.props = Directory.Build.props
		Directory.Build.targets = Directory.Build.targets
		LICENSE = LICENSE
		NuGet.Config = NuGet.Config
		nuget.props = nuget.props
		version.props = version.props
	EndProjectSection
EndProject
Project("{2150E333-8FDC-42A3-9474-1A3956D46DE8}") = "src", "src", "{36581280-0A63-463A-AA6A-42371BCCE965}"
EndProject
Project("{9A19103F-16F7-4668-BE54-9A1E7A4F7556}") = "ChatMessages", "examples\ChatMessages\ChatMessages.csproj", "{459FC958-AA88-4B0F-99AF-310DD6EF4189}"
EndProject
Project("{9A19103F-16F7-4668-BE54-9A1E7A4F7556}") = "ChatServer", "examples\ChatServer\ChatServer.csproj", "{9A7E39BF-0150-4CE2-B745-948250515A8A}"
EndProject
Project("{9A19103F-16F7-4668-BE54-9A1E7A4F7556}") = "ChatClient", "examples\ChatClient\ChatClient.csproj", "{E6ADC274-C067-4019-BAF8-861A32779FD0}"
EndProject
Project("{2150E333-8FDC-42A3-9474-1A3956D46DE8}") = "Chat", "Chat", "{07C250DE-2934-424C-B70C-42F45307A9E7}"
EndProject
Project("{9A19103F-16F7-4668-BE54-9A1E7A4F7556}") = "Routing", "examples\Routing\Routing.csproj", "{BC0F0AA1-AC5A-40CB-A155-7E0ADC486BFE}"
EndProject
Project("{2150E333-8FDC-42A3-9474-1A3956D46DE8}") = "Streams", "Streams", "{63010DF2-69EA-4451-9A3C-4082E2F37300}"
EndProject
Project("{9A19103F-16F7-4668-BE54-9A1E7A4F7556}") = "StreamsExamples", "examples\StreamsExamples\StreamsExamples.csproj", "{7632EF0E-1F36-4150-8495-6725A55D1504}"
EndProject
Project("{9A19103F-16F7-4668-BE54-9A1E7A4F7556}") = "FaultTolerance", "examples\FaultTolerance\FaultTolerance.csproj", "{34F4BA13-CBB8-4A0B-A985-E73AC2496121}"
EndProject
Project("{2150E333-8FDC-42A3-9474-1A3956D46DE8}") = "Cluster", "Cluster", "{E9965A81-8E2F-48C7-AD5E-7D1D19ED41D0}"
EndProject
Project("{9A19103F-16F7-4668-BE54-9A1E7A4F7556}") = "TcpEchoService.Server", "examples\TcpEchoService.Server\TcpEchoService.Server.csproj", "{37E5B596-7033-476B-9D2B-6E044B03D233}"
EndProject
Project("{9A19103F-16F7-4668-BE54-9A1E7A4F7556}") = "SimpleExample", "examples\SimpleExample\SimpleExample.csproj", "{EE546C46-16AB-460C-A280-0FF911CFF338}"
EndProject
Project("{2150E333-8FDC-42A3-9474-1A3956D46DE8}") = "RemoteDeploy", "RemoteDeploy", "{0287E50D-90C9-46E9-811C-DC88C74564B6}"
EndProject
Project("{9A19103F-16F7-4668-BE54-9A1E7A4F7556}") = "RemoteDeploy.Shared", "examples\RemoteDeploy.Shared\RemoteDeploy.Shared.csproj", "{0E84A0E8-C502-47C3-A4C3-71C750C0F593}"
EndProject
Project("{9A19103F-16F7-4668-BE54-9A1E7A4F7556}") = "RemoteDeploy.Deployer", "examples\RemoteDeploy.Deployer\RemoteDeploy.Deployer.csproj", "{B5178527-B92C-4016-9C28-41771928B338}"
EndProject
Project("{9A19103F-16F7-4668-BE54-9A1E7A4F7556}") = "RemoteDeployer.DeployTarget", "examples\RemoteDeployer.DeployTarget\RemoteDeployer.DeployTarget.csproj", "{8CAC57B3-2E7A-42C3-A5CD-04AE8DE8A003}"
EndProject
Project("{9A19103F-16F7-4668-BE54-9A1E7A4F7556}") = "RemoteDeploy.System1", "examples\RemoteDeploy.System1\RemoteDeploy.System1.csproj", "{A30D7416-DED2-44A8-A410-FEB7188D90AD}"
EndProject
Project("{9A19103F-16F7-4668-BE54-9A1E7A4F7556}") = "RemoteDeploy.System2", "examples\RemoteDeploy.System2\RemoteDeploy.System2.csproj", "{D5C63805-5728-4D42-96A3-E9AEFE6D705D}"
EndProject
Project("{2150E333-8FDC-42A3-9474-1A3956D46DE8}") = "Roles", "Roles", "{B3507361-F909-4EBE-93EC-03CCAFCC2DF6}"
EndProject
Project("{9A19103F-16F7-4668-BE54-9A1E7A4F7556}") = "Samples.Cluster.Transformation", "examples\Samples.Cluster.Transformation\Samples.Cluster.Transformation.csproj", "{8603CA63-DBB7-42C2-A9CD-44F41F511301}"
EndProject
Project("{2150E333-8FDC-42A3-9474-1A3956D46DE8}") = "Routing", "Routing", "{473C987D-AC6D-4819-97FE-761478DBC600}"
EndProject
Project("{9A19103F-16F7-4668-BE54-9A1E7A4F7556}") = "Samples.Cluster.ConsistentHashRouting", "examples\Samples.Cluster.ConsistentHashRouting\Samples.Cluster.ConsistentHashRouting.csproj", "{09DBF256-72C4-4F10-B45F-843210CD2492}"
EndProject
Project("{9A19103F-16F7-4668-BE54-9A1E7A4F7556}") = "Samples.Cluster.Simple", "examples\Samples.Cluster.Simple\Samples.Cluster.Simple.csproj", "{A1C9D52D-5E61-447A-A434-62CC6D2B0300}"
EndProject
Project("{2150E333-8FDC-42A3-9474-1A3956D46DE8}") = "ClusterTools", "ClusterTools", "{E80A105A-CADE-4B7F-A4FF-C23982130B8B}"
EndProject
Project("{9A19103F-16F7-4668-BE54-9A1E7A4F7556}") = "ClusterToolsExample.Shared", "examples\ClusterToolsExample.Shared\ClusterToolsExample.Shared.csproj", "{B860AB4B-C9A2-4B00-AE59-9EF44451C543}"
EndProject
Project("{9A19103F-16F7-4668-BE54-9A1E7A4F7556}") = "ClusterToolsExample.Seed", "examples\ClusterToolsExample.Seed\ClusterToolsExample.Seed.csproj", "{5529844F-FD77-416C-BD1D-AD7ADCCF3788}"
EndProject
Project("{9A19103F-16F7-4668-BE54-9A1E7A4F7556}") = "ClusterToolsExample.Node", "examples\ClusterToolsExample.Node\ClusterToolsExample.Node.csproj", "{5FC50DDC-BF72-4FA2-BA7D-62AF39FBBC60}"
EndProject
Global
	GlobalSection(SolutionConfigurationPlatforms) = preSolution
		Debug|Any CPU = Debug|Any CPU
		Release|Any CPU = Release|Any CPU
	EndGlobalSection
	GlobalSection(ProjectConfigurationPlatforms) = postSolution
		{459FC958-AA88-4B0F-99AF-310DD6EF4189}.Debug|Any CPU.ActiveCfg = Debug|Any CPU
		{459FC958-AA88-4B0F-99AF-310DD6EF4189}.Debug|Any CPU.Build.0 = Debug|Any CPU
		{459FC958-AA88-4B0F-99AF-310DD6EF4189}.Release|Any CPU.ActiveCfg = Release|Any CPU
		{459FC958-AA88-4B0F-99AF-310DD6EF4189}.Release|Any CPU.Build.0 = Release|Any CPU
		{9A7E39BF-0150-4CE2-B745-948250515A8A}.Debug|Any CPU.ActiveCfg = Debug|Any CPU
		{9A7E39BF-0150-4CE2-B745-948250515A8A}.Debug|Any CPU.Build.0 = Debug|Any CPU
		{9A7E39BF-0150-4CE2-B745-948250515A8A}.Release|Any CPU.ActiveCfg = Release|Any CPU
		{9A7E39BF-0150-4CE2-B745-948250515A8A}.Release|Any CPU.Build.0 = Release|Any CPU
		{E6ADC274-C067-4019-BAF8-861A32779FD0}.Debug|Any CPU.ActiveCfg = Debug|Any CPU
		{E6ADC274-C067-4019-BAF8-861A32779FD0}.Debug|Any CPU.Build.0 = Debug|Any CPU
		{E6ADC274-C067-4019-BAF8-861A32779FD0}.Release|Any CPU.ActiveCfg = Release|Any CPU
		{E6ADC274-C067-4019-BAF8-861A32779FD0}.Release|Any CPU.Build.0 = Release|Any CPU
		{BC0F0AA1-AC5A-40CB-A155-7E0ADC486BFE}.Debug|Any CPU.ActiveCfg = Debug|Any CPU
		{BC0F0AA1-AC5A-40CB-A155-7E0ADC486BFE}.Debug|Any CPU.Build.0 = Debug|Any CPU
		{BC0F0AA1-AC5A-40CB-A155-7E0ADC486BFE}.Release|Any CPU.ActiveCfg = Release|Any CPU
		{BC0F0AA1-AC5A-40CB-A155-7E0ADC486BFE}.Release|Any CPU.Build.0 = Release|Any CPU
		{7632EF0E-1F36-4150-8495-6725A55D1504}.Debug|Any CPU.ActiveCfg = Debug|Any CPU
		{7632EF0E-1F36-4150-8495-6725A55D1504}.Debug|Any CPU.Build.0 = Debug|Any CPU
		{7632EF0E-1F36-4150-8495-6725A55D1504}.Release|Any CPU.ActiveCfg = Release|Any CPU
		{7632EF0E-1F36-4150-8495-6725A55D1504}.Release|Any CPU.Build.0 = Release|Any CPU
		{34F4BA13-CBB8-4A0B-A985-E73AC2496121}.Debug|Any CPU.ActiveCfg = Debug|Any CPU
		{34F4BA13-CBB8-4A0B-A985-E73AC2496121}.Debug|Any CPU.Build.0 = Debug|Any CPU
		{34F4BA13-CBB8-4A0B-A985-E73AC2496121}.Release|Any CPU.ActiveCfg = Release|Any CPU
		{34F4BA13-CBB8-4A0B-A985-E73AC2496121}.Release|Any CPU.Build.0 = Release|Any CPU
		{37E5B596-7033-476B-9D2B-6E044B03D233}.Debug|Any CPU.ActiveCfg = Debug|Any CPU
		{37E5B596-7033-476B-9D2B-6E044B03D233}.Debug|Any CPU.Build.0 = Debug|Any CPU
		{37E5B596-7033-476B-9D2B-6E044B03D233}.Release|Any CPU.ActiveCfg = Release|Any CPU
		{37E5B596-7033-476B-9D2B-6E044B03D233}.Release|Any CPU.Build.0 = Release|Any CPU
		{EE546C46-16AB-460C-A280-0FF911CFF338}.Debug|Any CPU.ActiveCfg = Debug|Any CPU
		{EE546C46-16AB-460C-A280-0FF911CFF338}.Debug|Any CPU.Build.0 = Debug|Any CPU
		{EE546C46-16AB-460C-A280-0FF911CFF338}.Release|Any CPU.ActiveCfg = Release|Any CPU
		{EE546C46-16AB-460C-A280-0FF911CFF338}.Release|Any CPU.Build.0 = Release|Any CPU
		{0E84A0E8-C502-47C3-A4C3-71C750C0F593}.Debug|Any CPU.ActiveCfg = Debug|Any CPU
		{0E84A0E8-C502-47C3-A4C3-71C750C0F593}.Debug|Any CPU.Build.0 = Debug|Any CPU
		{0E84A0E8-C502-47C3-A4C3-71C750C0F593}.Release|Any CPU.ActiveCfg = Release|Any CPU
		{0E84A0E8-C502-47C3-A4C3-71C750C0F593}.Release|Any CPU.Build.0 = Release|Any CPU
		{B5178527-B92C-4016-9C28-41771928B338}.Debug|Any CPU.ActiveCfg = Debug|Any CPU
		{B5178527-B92C-4016-9C28-41771928B338}.Debug|Any CPU.Build.0 = Debug|Any CPU
		{B5178527-B92C-4016-9C28-41771928B338}.Release|Any CPU.ActiveCfg = Release|Any CPU
		{B5178527-B92C-4016-9C28-41771928B338}.Release|Any CPU.Build.0 = Release|Any CPU
		{8CAC57B3-2E7A-42C3-A5CD-04AE8DE8A003}.Debug|Any CPU.ActiveCfg = Debug|Any CPU
		{8CAC57B3-2E7A-42C3-A5CD-04AE8DE8A003}.Debug|Any CPU.Build.0 = Debug|Any CPU
		{8CAC57B3-2E7A-42C3-A5CD-04AE8DE8A003}.Release|Any CPU.ActiveCfg = Release|Any CPU
		{8CAC57B3-2E7A-42C3-A5CD-04AE8DE8A003}.Release|Any CPU.Build.0 = Release|Any CPU
		{A30D7416-DED2-44A8-A410-FEB7188D90AD}.Debug|Any CPU.ActiveCfg = Debug|Any CPU
		{A30D7416-DED2-44A8-A410-FEB7188D90AD}.Debug|Any CPU.Build.0 = Debug|Any CPU
		{A30D7416-DED2-44A8-A410-FEB7188D90AD}.Release|Any CPU.ActiveCfg = Release|Any CPU
		{A30D7416-DED2-44A8-A410-FEB7188D90AD}.Release|Any CPU.Build.0 = Release|Any CPU
		{D5C63805-5728-4D42-96A3-E9AEFE6D705D}.Debug|Any CPU.ActiveCfg = Debug|Any CPU
		{D5C63805-5728-4D42-96A3-E9AEFE6D705D}.Debug|Any CPU.Build.0 = Debug|Any CPU
		{D5C63805-5728-4D42-96A3-E9AEFE6D705D}.Release|Any CPU.ActiveCfg = Release|Any CPU
		{D5C63805-5728-4D42-96A3-E9AEFE6D705D}.Release|Any CPU.Build.0 = Release|Any CPU
		{8603CA63-DBB7-42C2-A9CD-44F41F511301}.Debug|Any CPU.ActiveCfg = Debug|Any CPU
		{8603CA63-DBB7-42C2-A9CD-44F41F511301}.Debug|Any CPU.Build.0 = Debug|Any CPU
		{8603CA63-DBB7-42C2-A9CD-44F41F511301}.Release|Any CPU.ActiveCfg = Release|Any CPU
		{8603CA63-DBB7-42C2-A9CD-44F41F511301}.Release|Any CPU.Build.0 = Release|Any CPU
		{09DBF256-72C4-4F10-B45F-843210CD2492}.Debug|Any CPU.ActiveCfg = Debug|Any CPU
		{09DBF256-72C4-4F10-B45F-843210CD2492}.Debug|Any CPU.Build.0 = Debug|Any CPU
		{09DBF256-72C4-4F10-B45F-843210CD2492}.Release|Any CPU.ActiveCfg = Release|Any CPU
		{09DBF256-72C4-4F10-B45F-843210CD2492}.Release|Any CPU.Build.0 = Release|Any CPU
		{A1C9D52D-5E61-447A-A434-62CC6D2B0300}.Debug|Any CPU.ActiveCfg = Debug|Any CPU
		{A1C9D52D-5E61-447A-A434-62CC6D2B0300}.Debug|Any CPU.Build.0 = Debug|Any CPU
		{A1C9D52D-5E61-447A-A434-62CC6D2B0300}.Release|Any CPU.ActiveCfg = Release|Any CPU
		{A1C9D52D-5E61-447A-A434-62CC6D2B0300}.Release|Any CPU.Build.0 = Release|Any CPU
		{B860AB4B-C9A2-4B00-AE59-9EF44451C543}.Debug|Any CPU.ActiveCfg = Debug|Any CPU
		{B860AB4B-C9A2-4B00-AE59-9EF44451C543}.Debug|Any CPU.Build.0 = Debug|Any CPU
		{B860AB4B-C9A2-4B00-AE59-9EF44451C543}.Release|Any CPU.ActiveCfg = Release|Any CPU
		{B860AB4B-C9A2-4B00-AE59-9EF44451C543}.Release|Any CPU.Build.0 = Release|Any CPU
		{5529844F-FD77-416C-BD1D-AD7ADCCF3788}.Debug|Any CPU.ActiveCfg = Debug|Any CPU
		{5529844F-FD77-416C-BD1D-AD7ADCCF3788}.Debug|Any CPU.Build.0 = Debug|Any CPU
		{5529844F-FD77-416C-BD1D-AD7ADCCF3788}.Release|Any CPU.ActiveCfg = Release|Any CPU
		{5529844F-FD77-416C-BD1D-AD7ADCCF3788}.Release|Any CPU.Build.0 = Release|Any CPU
		{5FC50DDC-BF72-4FA2-BA7D-62AF39FBBC60}.Debug|Any CPU.ActiveCfg = Debug|Any CPU
		{5FC50DDC-BF72-4FA2-BA7D-62AF39FBBC60}.Debug|Any CPU.Build.0 = Debug|Any CPU
		{5FC50DDC-BF72-4FA2-BA7D-62AF39FBBC60}.Release|Any CPU.ActiveCfg = Release|Any CPU
		{5FC50DDC-BF72-4FA2-BA7D-62AF39FBBC60}.Release|Any CPU.Build.0 = Release|Any CPU
	EndGlobalSection
	GlobalSection(SolutionProperties) = preSolution
		HideSolutionNode = FALSE
	EndGlobalSection
	GlobalSection(NestedProjects) = preSolution
		{459FC958-AA88-4B0F-99AF-310DD6EF4189} = {07C250DE-2934-424C-B70C-42F45307A9E7}
		{9A7E39BF-0150-4CE2-B745-948250515A8A} = {07C250DE-2934-424C-B70C-42F45307A9E7}
		{E6ADC274-C067-4019-BAF8-861A32779FD0} = {07C250DE-2934-424C-B70C-42F45307A9E7}
		{07C250DE-2934-424C-B70C-42F45307A9E7} = {36581280-0A63-463A-AA6A-42371BCCE965}
		{BC0F0AA1-AC5A-40CB-A155-7E0ADC486BFE} = {36581280-0A63-463A-AA6A-42371BCCE965}
		{63010DF2-69EA-4451-9A3C-4082E2F37300} = {36581280-0A63-463A-AA6A-42371BCCE965}
		{7632EF0E-1F36-4150-8495-6725A55D1504} = {63010DF2-69EA-4451-9A3C-4082E2F37300}
		{34F4BA13-CBB8-4A0B-A985-E73AC2496121} = {36581280-0A63-463A-AA6A-42371BCCE965}
		{E9965A81-8E2F-48C7-AD5E-7D1D19ED41D0} = {36581280-0A63-463A-AA6A-42371BCCE965}
		{37E5B596-7033-476B-9D2B-6E044B03D233} = {36581280-0A63-463A-AA6A-42371BCCE965}
		{EE546C46-16AB-460C-A280-0FF911CFF338} = {36581280-0A63-463A-AA6A-42371BCCE965}
		{0287E50D-90C9-46E9-811C-DC88C74564B6} = {36581280-0A63-463A-AA6A-42371BCCE965}
		{0E84A0E8-C502-47C3-A4C3-71C750C0F593} = {0287E50D-90C9-46E9-811C-DC88C74564B6}
		{B5178527-B92C-4016-9C28-41771928B338} = {0287E50D-90C9-46E9-811C-DC88C74564B6}
		{8CAC57B3-2E7A-42C3-A5CD-04AE8DE8A003} = {0287E50D-90C9-46E9-811C-DC88C74564B6}
		{A30D7416-DED2-44A8-A410-FEB7188D90AD} = {0287E50D-90C9-46E9-811C-DC88C74564B6}
		{D5C63805-5728-4D42-96A3-E9AEFE6D705D} = {0287E50D-90C9-46E9-811C-DC88C74564B6}
		{B3507361-F909-4EBE-93EC-03CCAFCC2DF6} = {E9965A81-8E2F-48C7-AD5E-7D1D19ED41D0}
		{8603CA63-DBB7-42C2-A9CD-44F41F511301} = {B3507361-F909-4EBE-93EC-03CCAFCC2DF6}
		{473C987D-AC6D-4819-97FE-761478DBC600} = {E9965A81-8E2F-48C7-AD5E-7D1D19ED41D0}
		{09DBF256-72C4-4F10-B45F-843210CD2492} = {473C987D-AC6D-4819-97FE-761478DBC600}
		{A1C9D52D-5E61-447A-A434-62CC6D2B0300} = {E9965A81-8E2F-48C7-AD5E-7D1D19ED41D0}
		{E80A105A-CADE-4B7F-A4FF-C23982130B8B} = {E9965A81-8E2F-48C7-AD5E-7D1D19ED41D0}
		{B860AB4B-C9A2-4B00-AE59-9EF44451C543} = {E80A105A-CADE-4B7F-A4FF-C23982130B8B}
		{5529844F-FD77-416C-BD1D-AD7ADCCF3788} = {E80A105A-CADE-4B7F-A4FF-C23982130B8B}
		{5FC50DDC-BF72-4FA2-BA7D-62AF39FBBC60} = {E80A105A-CADE-4B7F-A4FF-C23982130B8B}
	EndGlobalSection
	GlobalSection(ExtensibilityGlobals) = postSolution
		SolutionGuid = {03AD8E21-7507-4E68-A4E9-F4A7E7273164}
	EndGlobalSection
EndGlobal
